Microsoft Visual Studio Solution File, Format Version 12.00
# Visual Studio 14
VisualStudioVersion = 14.0.25420.1
MinimumVisualStudioVersion = 10.0.40219.1
Project("{2150E333-8FDC-42A3-9474-1A3956D46DE8}") = "Doc", "Doc", "{9A29B994-DF10-4C6E-82EA-B45F79915A3D}"
	ProjectSection(SolutionItems) = preProject
		Doc\Expression Language History.docx = Doc\Expression Language History.docx
		Doc\Expression Language Quick Reference.docx = Doc\Expression Language Quick Reference.docx
		Doc\readme.txt = Doc\readme.txt
	EndProjectSection
EndProject
Project("{2150E333-8FDC-42A3-9474-1A3956D46DE8}") = "Build", "Build", "{C1CE4CE6-EB6E-4F74-8CF1-3D361BC1C46E}"
	ProjectSection(SolutionItems) = preProject
		Build\CustomDictionary.xml = Build\CustomDictionary.xml
		Build\DependencyManifest.xml = Build\DependencyManifest.xml
	EndProjectSection
EndProject
Project("{2150E333-8FDC-42A3-9474-1A3956D46DE8}") = "Test", "Test", "{0D632020-756D-4B23-ADB4-94AA24457679}"
EndProject
Project("{FAE04EC0-301F-11D3-BF4B-00C04F79EFBC}") = "Aderant.Framework", "Src\Aderant.Framework\Aderant.Framework.csproj", "{A438AD02-5434-48D1-BA8E-B858AE8A6FDF}"
EndProject
Project("{FAE04EC0-301F-11D3-BF4B-00C04F79EFBC}") = "FactoryResourceGenerator", "Src\FactoryResourceGenerator\FactoryResourceGenerator.csproj", "{3D53D781-1A20-48B6-A9F1-2E26AE76483C}"
EndProject
Project("{FAE04EC0-301F-11D3-BF4B-00C04F79EFBC}") = "Aderant.Framework.Communication.Client", "Src\Aderant.Framework.Communication.Client\Aderant.Framework.Communication.Client.csproj", "{90CE9C7F-A779-444F-B499-EC886641E6D6}"
EndProject
Project("{FAE04EC0-301F-11D3-BF4B-00C04F79EFBC}") = "Aderant.Framework.Communication.Server", "Src\Aderant.Framework.Communication.Server\Aderant.Framework.Communication.Server.csproj", "{4DE2CD8C-F91D-4A75-9787-FF5CC2F41797}"
EndProject
Project("{FAE04EC0-301F-11D3-BF4B-00C04F79EFBC}") = "Aderant.Framework.Persistence", "Src\Aderant.Framework.Persistence\Aderant.Framework.Persistence.csproj", "{75EB065B-086A-489A-9D22-FBDBABDD6669}"
EndProject
Project("{FAE04EC0-301F-11D3-BF4B-00C04F79EFBC}") = "Aderant.Framework.Configuration", "Src\Aderant.Framework.Configuration\Aderant.Framework.Configuration.csproj", "{0E660382-C64D-48E4-ABAD-F7B9841BB4F8}"
EndProject
Project("{FAE04EC0-301F-11D3-BF4B-00C04F79EFBC}") = "Aderant.Framework.Configuration.Service", "Src\Aderant.Framework.Configuration.Service\Aderant.Framework.Configuration.Service.csproj", "{567330FE-E898-4FC2-8F4E-459FC504B2D5}"
EndProject
Project("{FAE04EC0-301F-11D3-BF4B-00C04F79EFBC}") = "Aderant.Framework.Security", "Src\Aderant.Framework.Security\Aderant.Framework.Security.csproj", "{F65A4CB5-08C2-4C9D-B47D-EEFB2C29AEBB}"
EndProject
Project("{FAE04EC0-301F-11D3-BF4B-00C04F79EFBC}") = "Aderant.Framework.ServiceLibrary", "Src\Aderant.Framework.ServiceLibrary\Aderant.Framework.ServiceLibrary.csproj", "{230D0C7E-5745-4F62-A0F4-0E8468B8BFA3}"
EndProject
Project("{FAE04EC0-301F-11D3-BF4B-00C04F79EFBC}") = "IntegrationTest.Framework.Security", "Test\IntegrationTest.Framework.Security\IntegrationTest.Framework.Security.csproj", "{19BC3FAC-C528-40FF-8BF9-3C10320917F4}"
	ProjectSection(ProjectDependencies) = postProject
		{FCA2707E-3CDD-49DA-9847-A40A90AF0215} = {FCA2707E-3CDD-49DA-9847-A40A90AF0215}
	EndProjectSection
EndProject
Project("{FAE04EC0-301F-11D3-BF4B-00C04F79EFBC}") = "UnitTest.Framework.Security", "Test\UnitTest.Framework.Security\UnitTest.Framework.Security.csproj", "{FCA2707E-3CDD-49DA-9847-A40A90AF0215}"
EndProject
Project("{FAE04EC0-301F-11D3-BF4B-00C04F79EFBC}") = "IntegrationTest.Framework.Configuration", "Test\IntegrationTest.Framework.Configuration\IntegrationTest.Framework.Configuration.csproj", "{F32803C1-C8AC-43B6-B569-66700B4988F8}"
EndProject
Project("{FAE04EC0-301F-11D3-BF4B-00C04F79EFBC}") = "UnitTest.Framework", "Test\UnitTest.Framework\UnitTest.Framework.csproj", "{53D8C056-3BA5-48B4-ACEF-DB10DFB5F480}"
EndProject
Project("{FAE04EC0-301F-11D3-BF4B-00C04F79EFBC}") = "IntegrationTest.Framework.Persistence", "Test\IntegrationTest.Framework.Persistence\IntegrationTest.Framework.Persistence.csproj", "{4D244956-0BEA-4A31-94A8-4DD175CB08FF}"
EndProject
Project("{FAE04EC0-301F-11D3-BF4B-00C04F79EFBC}") = "UnitTest.Framework.Configuration", "Test\UnitTest.Framework.Configuration\UnitTest.Framework.Configuration.csproj", "{70F9D9EB-8096-4012-8042-C9BFD0DEEBA3}"
EndProject
Project("{FAE04EC0-301F-11D3-BF4B-00C04F79EFBC}") = "UnitTest.Framework.Persistence", "Test\UnitTest.Framework.Persistence\UnitTest.Framework.Persistence.csproj", "{F6E3FE26-BAD9-4B96-947C-E9B9C2C98E06}"
EndProject
Project("{FAE04EC0-301F-11D3-BF4B-00C04F79EFBC}") = "UnitTest.Framework.Communication", "Test\UnitTest.Framework.Communication\UnitTest.Framework.Communication.csproj", "{8E89B922-B87B-4987-9961-8975CF99EE49}"
EndProject
Project("{FAE04EC0-301F-11D3-BF4B-00C04F79EFBC}") = "UnitTest.Framework.Helpers", "Test\UnitTest.Foundation.Helpers\UnitTest.Framework.Helpers.csproj", "{356630A5-3DF9-4272-9CEE-44DC63595805}"
EndProject
Project("{FAE04EC0-301F-11D3-BF4B-00C04F79EFBC}") = "UnitTest.Framework.Persistence.Helpers", "Test\UnitTest.Framework.Persistence.Helpers\UnitTest.Framework.Persistence.Helpers.csproj", "{F37363A2-B789-4A96-9C0D-3912B24140C9}"
EndProject
Project("{FAE04EC0-301F-11D3-BF4B-00C04F79EFBC}") = "Aderant.Framework.Scripting", "Src\Aderant.Framework.Scripting\Aderant.Framework.Scripting.csproj", "{FC50AFCA-3720-47F8-B5F1-6055EDF0D0CF}"
EndProject
Project("{FAE04EC0-301F-11D3-BF4B-00C04F79EFBC}") = "UnitTest.Framework.Scripting", "Test\UnitTest.Framework.Scripting\UnitTest.Framework.Scripting.csproj", "{83FE9BFC-803A-405C-8DF4-7176A0FD08B1}"
EndProject
Project("{FAE04EC0-301F-11D3-BF4B-00C04F79EFBC}") = "Aderant.Deployment.Client", "Src\Aderant.Deployment.Client\Aderant.Deployment.Client.csproj", "{5D6DE953-6E67-4ED8-AFE2-3D83FF01F43E}"
EndProject
Project("{FAE04EC0-301F-11D3-BF4B-00C04F79EFBC}") = "IntegrationTest.Framework.Deployment", "Test\IntegrationTest.Framework.Deployment\IntegrationTest.Framework.Deployment.csproj", "{BAF10CF7-0E25-4738-BA0B-EC05DE1FF4CA}"
EndProject
Project("{FAE04EC0-301F-11D3-BF4B-00C04F79EFBC}") = "FolderManifestGenerator", "Src\FolderManifestGenerator\FolderManifestGenerator.csproj", "{2438C30B-05A7-4274-9A1E-0EB0C74D0C47}"
EndProject
Project("{FAE04EC0-301F-11D3-BF4B-00C04F79EFBC}") = "Aderant.Framework.Reporting", "Src\Aderant.Framework.Reporting\Aderant.Framework.Reporting.csproj", "{03EA9A89-C670-4371-9134-AD25E5B821E2}"
EndProject
Project("{FAE04EC0-301F-11D3-BF4B-00C04F79EFBC}") = "IntegrationTest.Framework.Reporting", "Test\IntegrationTest.Framework.Reporting\IntegrationTest.Framework.Reporting.csproj", "{50BE8345-8503-4621-BEFB-E1ADBDD65C77}"
EndProject
Project("{FAE04EC0-301F-11D3-BF4B-00C04F79EFBC}") = "Aderant.Messaging.BusinessEvents", "Src\Aderant.Messaging.BusinessEvents\Aderant.Messaging.BusinessEvents.csproj", "{720E3EC9-88A0-428F-AE27-4B13C48BD186}"
EndProject
Project("{FAE04EC0-301F-11D3-BF4B-00C04F79EFBC}") = "Samples.EventPublisher", "Test\Samples.EventPublisher\Samples.EventPublisher.csproj", "{B36E99F5-3354-4274-97CB-F6CE26923DD5}"
EndProject
Project("{FAE04EC0-301F-11D3-BF4B-00C04F79EFBC}") = "Samples.EventSubscriber", "Test\Samples.EventSubscriber\Samples.EventSubscriber.csproj", "{ED0E2256-893F-4F31-94C2-7738CA2D9250}"
EndProject
Project("{FAE04EC0-301F-11D3-BF4B-00C04F79EFBC}") = "Samples.MessagePublisher", "Test\Samples.MessagePublisher\Samples.MessagePublisher.csproj", "{2C2024A0-F2CD-4034-BC5B-5A18AB716906}"
EndProject
Project("{FAE04EC0-301F-11D3-BF4B-00C04F79EFBC}") = "Samples.MessageSubscriber", "Test\Samples.MessageSubscriber\Samples.MessageSubscriber.csproj", "{D3FD383C-5D6F-407B-9A96-E91B42293B42}"
EndProject
Project("{FAE04EC0-301F-11D3-BF4B-00C04F79EFBC}") = "Samples.BusinessEvents", "Test\Samples.BusinessEvents\Samples.BusinessEvents.csproj", "{42D45EFF-CDAC-4FEA-B2CD-6537848D636E}"
EndProject
Project("{FAE04EC0-301F-11D3-BF4B-00C04F79EFBC}") = "IntegrationTest.Messaging.BusinessEvents", "Test\IntegrationTest.Messaging.BusinessEvents\IntegrationTest.Messaging.BusinessEvents.csproj", "{F87A22B1-C76F-47EC-AE77-D1904BC469C1}"
EndProject
Project("{FAE04EC0-301F-11D3-BF4B-00C04F79EFBC}") = "UnitTest.Messaging.BusinessEvents", "Test\UnitTest.Messaging.BusinessEvents\UnitTest.Messaging.BusinessEvents.csproj", "{14C189CD-D118-4EA3-ADBE-0C600A14D16D}"
EndProject
Project("{FAE04EC0-301F-11D3-BF4B-00C04F79EFBC}") = "Aderant.Messaging.Http", "Src\Aderant.Messaging.Http\Aderant.Messaging.Http.csproj", "{EE2C6D4D-856F-4426-920C-4E2657961AE5}"
EndProject
Project("{FAE04EC0-301F-11D3-BF4B-00C04F79EFBC}") = "UnitTest.Messaging.Http", "Test\UnitTest.Messaging.Http\UnitTest.Messaging.Http.csproj", "{82079279-B6E4-4008-8965-832AB979FF37}"
EndProject
Project("{FAE04EC0-301F-11D3-BF4B-00C04F79EFBC}") = "Aderant.Framework.Identity", "Src\Aderant.Framework.Identity\Aderant.Framework.Identity.csproj", "{3CCBAF83-9E37-4884-964B-45180CAA0FA4}"
EndProject
Project("{FAE04EC0-301F-11D3-BF4B-00C04F79EFBC}") = "IntegrationTest.Framework", "Test\IntegrationTest.Framework\IntegrationTest.Framework.csproj", "{6699FCFA-04EF-4884-8397-12CBEBA0B231}"
EndProject
Project("{FAE04EC0-301F-11D3-BF4B-00C04F79EFBC}") = "UnitTest.Deployment.Client", "Test\UnitTest.Deployment.Client\UnitTest.Deployment.Client.csproj", "{B50721B2-0E6A-448B-88CD-C14CC0EE2BFB}"
EndProject
Project("{FAE04EC0-301F-11D3-BF4B-00C04F79EFBC}") = "Aderant.Expressions", "Src\Aderant.Expressions\Aderant.Expressions.csproj", "{AB1DE91F-6323-4F17-8CB1-D5659ED9C384}"
EndProject
Project("{FAE04EC0-301F-11D3-BF4B-00C04F79EFBC}") = "UnitTest.Expressions", "Test\UnitTest.Expressions\UnitTest.Expressions.csproj", "{0B41F359-B1A0-47EF-B1D7-B190D843E161}"
EndProject
Project("{FAE04EC0-301F-11D3-BF4B-00C04F79EFBC}") = "Aderant.Expressions.Interpreter", "Test\Aderant.Expressions.Interpreter\Aderant.Expressions.Interpreter.csproj", "{CFCA92AA-EB01-4899-91D0-A1DF1BBA90FD}"
EndProject
Project("{2150E333-8FDC-42A3-9474-1A3956D46DE8}") = "Samples", "Samples", "{57FFA9CA-9086-4292-A4D2-2545F8109E44}"
EndProject
Project("{FAE04EC0-301F-11D3-BF4B-00C04F79EFBC}") = "Aderant.Query.Common", "Src\Aderant.Query.Common\Aderant.Query.Common.csproj", "{415A3853-DA29-44F8-B46B-67257CE2CD4E}"
EndProject
Project("{FAE04EC0-301F-11D3-BF4B-00C04F79EFBC}") = "UnitTest.Query.Common", "Test\UnitTest.Query.Common\UnitTest.Query.Common.csproj", "{A5A22F4B-5914-40F1-BA84-A7F484F28852}"
EndProject
Project("{2150E333-8FDC-42A3-9474-1A3956D46DE8}") = "Query", "Query", "{C1F93792-7A3D-4CCE-885C-D2CF0BF1578F}"
EndProject
Project("{FAE04EC0-301F-11D3-BF4B-00C04F79EFBC}") = "Aderant.Expressions.CodeGenTest", "Test\Aderant.Expressions.CodeGenTest\Aderant.Expressions.CodeGenTest.csproj", "{4C534124-22E0-4F73-B927-6804E76EA1CC}"
EndProject
Project("{FAE04EC0-301F-11D3-BF4B-00C04F79EFBC}") = "Samples.RemoteAppenderWriter", "Test\Samples.RemoteAppenderWriter\Samples.RemoteAppenderWriter.csproj", "{656C3EDC-17F0-47B2-8F44-E64DC98FB301}"
EndProject
Project("{FAE04EC0-301F-11D3-BF4B-00C04F79EFBC}") = "Samples.RemoteAppenderListener", "Test\Samples.RemoteAppenderListener\Samples.RemoteAppenderListener.csproj", "{69B48ADF-378F-4CF4-AE02-A432AC53289A}"
EndProject
Project("{2150E333-8FDC-42A3-9474-1A3956D46DE8}") = "Core", "Core", "{08480A10-56C5-4F60-84D3-6A0180AC3803}"
EndProject
Project("{2150E333-8FDC-42A3-9474-1A3956D46DE8}") = "Tools", "Tools", "{86AE9C2B-13F6-4ED1-B1C9-D10E7B6B0E22}"
EndProject
Project("{FAE04EC0-301F-11D3-BF4B-00C04F79EFBC}") = "ExpertService", "Src\ExpertService\ExpertService.csproj", "{15A07974-781C-4C3B-A25C-B9AC1257F96A}"
EndProject
Project("{2150E333-8FDC-42A3-9474-1A3956D46DE8}") = "Package", "Package", "{004DDC7D-2804-421E-9A27-1281D491B2CE}"
	ProjectSection(SolutionItems) = preProject
		framework.core.paket.template = framework.core.paket.template
		framework.development.paket.template = framework.development.paket.template
		framework.integration.paket.template = framework.integration.paket.template
		framework.tools.paket.template = framework.tools.paket.template
	EndProjectSection
EndProject
Project("{FAE04EC0-301F-11D3-BF4B-00C04F79EFBC}") = "Aderant.Framework.Integration", "Src\Aderant.Framework.Integration\Aderant.Framework.Integration.csproj", "{B2171E51-E658-4DC2-9B8F-EA605B9299E7}"
EndProject
Project("{2150E333-8FDC-42A3-9474-1A3956D46DE8}") = "Integration", "Integration", "{36ECE621-069F-429A-AAC6-834953B4298B}"
EndProject
Project("{FAE04EC0-301F-11D3-BF4B-00C04F79EFBC}") = "UnitTest.Framework.Reporting", "Test\UnitTest.Framework.Reporting\UnitTest.Framework.Reporting.csproj", "{131EE37D-F887-4DC6-B1D6-32A05B2AD3BE}"
EndProject
Project("{FAE04EC0-301F-11D3-BF4B-00C04F79EFBC}") = "Aderant.Instrumentation.Api", "Src\Aderant.Instrumentation.Api\Aderant.Instrumentation.Api.csproj", "{E914496A-D739-485A-9905-DC62AE93E50C}"
EndProject
Project("{FAE04EC0-301F-11D3-BF4B-00C04F79EFBC}") = "UnitTest.Instrumentation", "Test\UnitTest.Instrumentation\UnitTest.Instrumentation.csproj", "{7B10B086-A584-4913-AC93-C01882AC9438}"
EndProject
Project("{FAE04EC0-301F-11D3-BF4B-00C04F79EFBC}") = "Aderant.Instrumentation", "Src\Aderant.Instrumentation\Aderant.Instrumentation.csproj", "{A0A6D8E3-AA89-4EFC-8819-1D85AC91E6BC}"
EndProject
Project("{FAE04EC0-301F-11D3-BF4B-00C04F79EFBC}") = "IntegrationTest.Instrumentation", "Test\IntegrationTest.Instrumentation\IntegrationTest.Instrumentation.csproj", "{9E348EBF-DAA2-4C9A-97D9-3DEA19479CB1}"
EndProject
Project("{FAE04EC0-301F-11D3-BF4B-00C04F79EFBC}") = "UnitTest.Framework.Integration", "Test\UnitTest.Framework.Integration\UnitTest.Framework.Integration.csproj", "{142C93E8-E906-4836-96A9-81449C3F23BA}"
EndProject
Global
	GlobalSection(SolutionConfigurationPlatforms) = preSolution
		Debug|Any CPU = Debug|Any CPU
		Debug|x86 = Debug|x86
		Release|Any CPU = Release|Any CPU
		Release|x86 = Release|x86
	EndGlobalSection
	GlobalSection(ProjectConfigurationPlatforms) = postSolution
		{A438AD02-5434-48D1-BA8E-B858AE8A6FDF}.Debug|Any CPU.ActiveCfg = Debug|Any CPU
		{A438AD02-5434-48D1-BA8E-B858AE8A6FDF}.Debug|Any CPU.Build.0 = Debug|Any CPU
		{A438AD02-5434-48D1-BA8E-B858AE8A6FDF}.Debug|x86.ActiveCfg = Debug|Any CPU
		{A438AD02-5434-48D1-BA8E-B858AE8A6FDF}.Debug|x86.Build.0 = Debug|Any CPU
		{A438AD02-5434-48D1-BA8E-B858AE8A6FDF}.Release|Any CPU.ActiveCfg = Release|Any CPU
		{A438AD02-5434-48D1-BA8E-B858AE8A6FDF}.Release|Any CPU.Build.0 = Release|Any CPU
		{A438AD02-5434-48D1-BA8E-B858AE8A6FDF}.Release|x86.ActiveCfg = Release|Any CPU
		{A438AD02-5434-48D1-BA8E-B858AE8A6FDF}.Release|x86.Build.0 = Release|Any CPU
		{3D53D781-1A20-48B6-A9F1-2E26AE76483C}.Debug|Any CPU.ActiveCfg = Debug|Any CPU
		{3D53D781-1A20-48B6-A9F1-2E26AE76483C}.Debug|Any CPU.Build.0 = Debug|Any CPU
		{3D53D781-1A20-48B6-A9F1-2E26AE76483C}.Debug|x86.ActiveCfg = Debug|Any CPU
		{3D53D781-1A20-48B6-A9F1-2E26AE76483C}.Debug|x86.Build.0 = Debug|Any CPU
		{3D53D781-1A20-48B6-A9F1-2E26AE76483C}.Release|Any CPU.ActiveCfg = Release|Any CPU
		{3D53D781-1A20-48B6-A9F1-2E26AE76483C}.Release|Any CPU.Build.0 = Release|Any CPU
		{3D53D781-1A20-48B6-A9F1-2E26AE76483C}.Release|x86.ActiveCfg = Release|Any CPU
		{3D53D781-1A20-48B6-A9F1-2E26AE76483C}.Release|x86.Build.0 = Release|Any CPU
		{90CE9C7F-A779-444F-B499-EC886641E6D6}.Debug|Any CPU.ActiveCfg = Debug|Any CPU
		{90CE9C7F-A779-444F-B499-EC886641E6D6}.Debug|Any CPU.Build.0 = Debug|Any CPU
		{90CE9C7F-A779-444F-B499-EC886641E6D6}.Debug|x86.ActiveCfg = Debug|Any CPU
		{90CE9C7F-A779-444F-B499-EC886641E6D6}.Debug|x86.Build.0 = Debug|Any CPU
		{90CE9C7F-A779-444F-B499-EC886641E6D6}.Release|Any CPU.ActiveCfg = Release|Any CPU
		{90CE9C7F-A779-444F-B499-EC886641E6D6}.Release|Any CPU.Build.0 = Release|Any CPU
		{90CE9C7F-A779-444F-B499-EC886641E6D6}.Release|x86.ActiveCfg = Release|Any CPU
		{90CE9C7F-A779-444F-B499-EC886641E6D6}.Release|x86.Build.0 = Release|Any CPU
		{4DE2CD8C-F91D-4A75-9787-FF5CC2F41797}.Debug|Any CPU.ActiveCfg = Debug|Any CPU
		{4DE2CD8C-F91D-4A75-9787-FF5CC2F41797}.Debug|Any CPU.Build.0 = Debug|Any CPU
		{4DE2CD8C-F91D-4A75-9787-FF5CC2F41797}.Debug|x86.ActiveCfg = Debug|Any CPU
		{4DE2CD8C-F91D-4A75-9787-FF5CC2F41797}.Debug|x86.Build.0 = Debug|Any CPU
		{4DE2CD8C-F91D-4A75-9787-FF5CC2F41797}.Release|Any CPU.ActiveCfg = Release|Any CPU
		{4DE2CD8C-F91D-4A75-9787-FF5CC2F41797}.Release|Any CPU.Build.0 = Release|Any CPU
		{4DE2CD8C-F91D-4A75-9787-FF5CC2F41797}.Release|x86.ActiveCfg = Release|Any CPU
		{4DE2CD8C-F91D-4A75-9787-FF5CC2F41797}.Release|x86.Build.0 = Release|Any CPU
		{75EB065B-086A-489A-9D22-FBDBABDD6669}.Debug|Any CPU.ActiveCfg = Debug|Any CPU
		{75EB065B-086A-489A-9D22-FBDBABDD6669}.Debug|Any CPU.Build.0 = Debug|Any CPU
		{75EB065B-086A-489A-9D22-FBDBABDD6669}.Debug|x86.ActiveCfg = Debug|Any CPU
		{75EB065B-086A-489A-9D22-FBDBABDD6669}.Debug|x86.Build.0 = Debug|Any CPU
		{75EB065B-086A-489A-9D22-FBDBABDD6669}.Release|Any CPU.ActiveCfg = Release|Any CPU
		{75EB065B-086A-489A-9D22-FBDBABDD6669}.Release|Any CPU.Build.0 = Release|Any CPU
		{75EB065B-086A-489A-9D22-FBDBABDD6669}.Release|x86.ActiveCfg = Release|Any CPU
		{75EB065B-086A-489A-9D22-FBDBABDD6669}.Release|x86.Build.0 = Release|Any CPU
		{0E660382-C64D-48E4-ABAD-F7B9841BB4F8}.Debug|Any CPU.ActiveCfg = Debug|Any CPU
		{0E660382-C64D-48E4-ABAD-F7B9841BB4F8}.Debug|Any CPU.Build.0 = Debug|Any CPU
		{0E660382-C64D-48E4-ABAD-F7B9841BB4F8}.Debug|x86.ActiveCfg = Debug|Any CPU
		{0E660382-C64D-48E4-ABAD-F7B9841BB4F8}.Debug|x86.Build.0 = Debug|Any CPU
		{0E660382-C64D-48E4-ABAD-F7B9841BB4F8}.Release|Any CPU.ActiveCfg = Release|Any CPU
		{0E660382-C64D-48E4-ABAD-F7B9841BB4F8}.Release|Any CPU.Build.0 = Release|Any CPU
		{0E660382-C64D-48E4-ABAD-F7B9841BB4F8}.Release|x86.ActiveCfg = Release|Any CPU
		{0E660382-C64D-48E4-ABAD-F7B9841BB4F8}.Release|x86.Build.0 = Release|Any CPU
		{567330FE-E898-4FC2-8F4E-459FC504B2D5}.Debug|Any CPU.ActiveCfg = Debug|Any CPU
		{567330FE-E898-4FC2-8F4E-459FC504B2D5}.Debug|Any CPU.Build.0 = Debug|Any CPU
		{567330FE-E898-4FC2-8F4E-459FC504B2D5}.Debug|x86.ActiveCfg = Debug|Any CPU
		{567330FE-E898-4FC2-8F4E-459FC504B2D5}.Debug|x86.Build.0 = Debug|Any CPU
		{567330FE-E898-4FC2-8F4E-459FC504B2D5}.Release|Any CPU.ActiveCfg = Release|Any CPU
		{567330FE-E898-4FC2-8F4E-459FC504B2D5}.Release|Any CPU.Build.0 = Release|Any CPU
		{567330FE-E898-4FC2-8F4E-459FC504B2D5}.Release|x86.ActiveCfg = Release|Any CPU
		{567330FE-E898-4FC2-8F4E-459FC504B2D5}.Release|x86.Build.0 = Release|Any CPU
		{F65A4CB5-08C2-4C9D-B47D-EEFB2C29AEBB}.Debug|Any CPU.ActiveCfg = Debug|Any CPU
		{F65A4CB5-08C2-4C9D-B47D-EEFB2C29AEBB}.Debug|Any CPU.Build.0 = Debug|Any CPU
		{F65A4CB5-08C2-4C9D-B47D-EEFB2C29AEBB}.Debug|x86.ActiveCfg = Debug|Any CPU
		{F65A4CB5-08C2-4C9D-B47D-EEFB2C29AEBB}.Debug|x86.Build.0 = Debug|Any CPU
		{F65A4CB5-08C2-4C9D-B47D-EEFB2C29AEBB}.Release|Any CPU.ActiveCfg = Release|Any CPU
		{F65A4CB5-08C2-4C9D-B47D-EEFB2C29AEBB}.Release|Any CPU.Build.0 = Release|Any CPU
		{F65A4CB5-08C2-4C9D-B47D-EEFB2C29AEBB}.Release|x86.ActiveCfg = Release|Any CPU
		{F65A4CB5-08C2-4C9D-B47D-EEFB2C29AEBB}.Release|x86.Build.0 = Release|Any CPU
		{230D0C7E-5745-4F62-A0F4-0E8468B8BFA3}.Debug|Any CPU.ActiveCfg = Debug|Any CPU
		{230D0C7E-5745-4F62-A0F4-0E8468B8BFA3}.Debug|Any CPU.Build.0 = Debug|Any CPU
		{230D0C7E-5745-4F62-A0F4-0E8468B8BFA3}.Debug|x86.ActiveCfg = Debug|Any CPU
		{230D0C7E-5745-4F62-A0F4-0E8468B8BFA3}.Debug|x86.Build.0 = Debug|Any CPU
		{230D0C7E-5745-4F62-A0F4-0E8468B8BFA3}.Release|Any CPU.ActiveCfg = Release|Any CPU
		{230D0C7E-5745-4F62-A0F4-0E8468B8BFA3}.Release|Any CPU.Build.0 = Release|Any CPU
		{230D0C7E-5745-4F62-A0F4-0E8468B8BFA3}.Release|x86.ActiveCfg = Release|Any CPU
		{230D0C7E-5745-4F62-A0F4-0E8468B8BFA3}.Release|x86.Build.0 = Release|Any CPU
		{19BC3FAC-C528-40FF-8BF9-3C10320917F4}.Debug|Any CPU.ActiveCfg = Debug|Any CPU
		{19BC3FAC-C528-40FF-8BF9-3C10320917F4}.Debug|Any CPU.Build.0 = Debug|Any CPU
		{19BC3FAC-C528-40FF-8BF9-3C10320917F4}.Debug|x86.ActiveCfg = Debug|Any CPU
		{19BC3FAC-C528-40FF-8BF9-3C10320917F4}.Debug|x86.Build.0 = Debug|Any CPU
		{19BC3FAC-C528-40FF-8BF9-3C10320917F4}.Release|Any CPU.ActiveCfg = Release|Any CPU
		{19BC3FAC-C528-40FF-8BF9-3C10320917F4}.Release|Any CPU.Build.0 = Release|Any CPU
		{19BC3FAC-C528-40FF-8BF9-3C10320917F4}.Release|x86.ActiveCfg = Release|Any CPU
		{19BC3FAC-C528-40FF-8BF9-3C10320917F4}.Release|x86.Build.0 = Release|Any CPU
		{FCA2707E-3CDD-49DA-9847-A40A90AF0215}.Debug|Any CPU.ActiveCfg = Debug|Any CPU
		{FCA2707E-3CDD-49DA-9847-A40A90AF0215}.Debug|Any CPU.Build.0 = Debug|Any CPU
		{FCA2707E-3CDD-49DA-9847-A40A90AF0215}.Debug|x86.ActiveCfg = Debug|Any CPU
		{FCA2707E-3CDD-49DA-9847-A40A90AF0215}.Debug|x86.Build.0 = Debug|Any CPU
		{FCA2707E-3CDD-49DA-9847-A40A90AF0215}.Release|Any CPU.ActiveCfg = Release|Any CPU
		{FCA2707E-3CDD-49DA-9847-A40A90AF0215}.Release|Any CPU.Build.0 = Release|Any CPU
		{FCA2707E-3CDD-49DA-9847-A40A90AF0215}.Release|x86.ActiveCfg = Release|Any CPU
		{FCA2707E-3CDD-49DA-9847-A40A90AF0215}.Release|x86.Build.0 = Release|Any CPU
		{F32803C1-C8AC-43B6-B569-66700B4988F8}.Debug|Any CPU.ActiveCfg = Debug|Any CPU
		{F32803C1-C8AC-43B6-B569-66700B4988F8}.Debug|Any CPU.Build.0 = Debug|Any CPU
		{F32803C1-C8AC-43B6-B569-66700B4988F8}.Debug|x86.ActiveCfg = Debug|Any CPU
		{F32803C1-C8AC-43B6-B569-66700B4988F8}.Debug|x86.Build.0 = Debug|Any CPU
		{F32803C1-C8AC-43B6-B569-66700B4988F8}.Release|Any CPU.ActiveCfg = Release|Any CPU
		{F32803C1-C8AC-43B6-B569-66700B4988F8}.Release|Any CPU.Build.0 = Release|Any CPU
		{F32803C1-C8AC-43B6-B569-66700B4988F8}.Release|x86.ActiveCfg = Release|Any CPU
		{F32803C1-C8AC-43B6-B569-66700B4988F8}.Release|x86.Build.0 = Release|Any CPU
		{53D8C056-3BA5-48B4-ACEF-DB10DFB5F480}.Debug|Any CPU.ActiveCfg = Debug|Any CPU
		{53D8C056-3BA5-48B4-ACEF-DB10DFB5F480}.Debug|Any CPU.Build.0 = Debug|Any CPU
		{53D8C056-3BA5-48B4-ACEF-DB10DFB5F480}.Debug|x86.ActiveCfg = Debug|Any CPU
		{53D8C056-3BA5-48B4-ACEF-DB10DFB5F480}.Debug|x86.Build.0 = Debug|Any CPU
		{53D8C056-3BA5-48B4-ACEF-DB10DFB5F480}.Release|Any CPU.ActiveCfg = Release|Any CPU
		{53D8C056-3BA5-48B4-ACEF-DB10DFB5F480}.Release|Any CPU.Build.0 = Release|Any CPU
		{53D8C056-3BA5-48B4-ACEF-DB10DFB5F480}.Release|x86.ActiveCfg = Release|Any CPU
		{53D8C056-3BA5-48B4-ACEF-DB10DFB5F480}.Release|x86.Build.0 = Release|Any CPU
		{4D244956-0BEA-4A31-94A8-4DD175CB08FF}.Debug|Any CPU.ActiveCfg = Debug|Any CPU
		{4D244956-0BEA-4A31-94A8-4DD175CB08FF}.Debug|Any CPU.Build.0 = Debug|Any CPU
		{4D244956-0BEA-4A31-94A8-4DD175CB08FF}.Debug|x86.ActiveCfg = Debug|Any CPU
		{4D244956-0BEA-4A31-94A8-4DD175CB08FF}.Debug|x86.Build.0 = Debug|Any CPU
		{4D244956-0BEA-4A31-94A8-4DD175CB08FF}.Release|Any CPU.ActiveCfg = Release|Any CPU
		{4D244956-0BEA-4A31-94A8-4DD175CB08FF}.Release|Any CPU.Build.0 = Release|Any CPU
		{4D244956-0BEA-4A31-94A8-4DD175CB08FF}.Release|x86.ActiveCfg = Release|Any CPU
		{4D244956-0BEA-4A31-94A8-4DD175CB08FF}.Release|x86.Build.0 = Release|Any CPU
		{70F9D9EB-8096-4012-8042-C9BFD0DEEBA3}.Debug|Any CPU.ActiveCfg = Debug|Any CPU
		{70F9D9EB-8096-4012-8042-C9BFD0DEEBA3}.Debug|Any CPU.Build.0 = Debug|Any CPU
		{70F9D9EB-8096-4012-8042-C9BFD0DEEBA3}.Debug|x86.ActiveCfg = Debug|Any CPU
		{70F9D9EB-8096-4012-8042-C9BFD0DEEBA3}.Debug|x86.Build.0 = Debug|Any CPU
		{70F9D9EB-8096-4012-8042-C9BFD0DEEBA3}.Release|Any CPU.ActiveCfg = Release|Any CPU
		{70F9D9EB-8096-4012-8042-C9BFD0DEEBA3}.Release|Any CPU.Build.0 = Release|Any CPU
		{70F9D9EB-8096-4012-8042-C9BFD0DEEBA3}.Release|x86.ActiveCfg = Release|Any CPU
		{70F9D9EB-8096-4012-8042-C9BFD0DEEBA3}.Release|x86.Build.0 = Release|Any CPU
		{F6E3FE26-BAD9-4B96-947C-E9B9C2C98E06}.Debug|Any CPU.ActiveCfg = Debug|Any CPU
		{F6E3FE26-BAD9-4B96-947C-E9B9C2C98E06}.Debug|Any CPU.Build.0 = Debug|Any CPU
		{F6E3FE26-BAD9-4B96-947C-E9B9C2C98E06}.Debug|x86.ActiveCfg = Debug|Any CPU
		{F6E3FE26-BAD9-4B96-947C-E9B9C2C98E06}.Debug|x86.Build.0 = Debug|Any CPU
		{F6E3FE26-BAD9-4B96-947C-E9B9C2C98E06}.Release|Any CPU.ActiveCfg = Release|Any CPU
		{F6E3FE26-BAD9-4B96-947C-E9B9C2C98E06}.Release|Any CPU.Build.0 = Release|Any CPU
		{F6E3FE26-BAD9-4B96-947C-E9B9C2C98E06}.Release|x86.ActiveCfg = Release|Any CPU
		{F6E3FE26-BAD9-4B96-947C-E9B9C2C98E06}.Release|x86.Build.0 = Release|Any CPU
		{8E89B922-B87B-4987-9961-8975CF99EE49}.Debug|Any CPU.ActiveCfg = Debug|Any CPU
		{8E89B922-B87B-4987-9961-8975CF99EE49}.Debug|Any CPU.Build.0 = Debug|Any CPU
		{8E89B922-B87B-4987-9961-8975CF99EE49}.Debug|x86.ActiveCfg = Debug|Any CPU
		{8E89B922-B87B-4987-9961-8975CF99EE49}.Debug|x86.Build.0 = Debug|Any CPU
		{8E89B922-B87B-4987-9961-8975CF99EE49}.Release|Any CPU.ActiveCfg = Release|Any CPU
		{8E89B922-B87B-4987-9961-8975CF99EE49}.Release|Any CPU.Build.0 = Release|Any CPU
		{8E89B922-B87B-4987-9961-8975CF99EE49}.Release|x86.ActiveCfg = Release|Any CPU
		{8E89B922-B87B-4987-9961-8975CF99EE49}.Release|x86.Build.0 = Release|Any CPU
		{356630A5-3DF9-4272-9CEE-44DC63595805}.Debug|Any CPU.ActiveCfg = Debug|Any CPU
		{356630A5-3DF9-4272-9CEE-44DC63595805}.Debug|Any CPU.Build.0 = Debug|Any CPU
		{356630A5-3DF9-4272-9CEE-44DC63595805}.Debug|x86.ActiveCfg = Debug|Any CPU
		{356630A5-3DF9-4272-9CEE-44DC63595805}.Debug|x86.Build.0 = Debug|Any CPU
		{356630A5-3DF9-4272-9CEE-44DC63595805}.Release|Any CPU.ActiveCfg = Release|Any CPU
		{356630A5-3DF9-4272-9CEE-44DC63595805}.Release|Any CPU.Build.0 = Release|Any CPU
		{356630A5-3DF9-4272-9CEE-44DC63595805}.Release|x86.ActiveCfg = Release|Any CPU
		{356630A5-3DF9-4272-9CEE-44DC63595805}.Release|x86.Build.0 = Release|Any CPU
		{F37363A2-B789-4A96-9C0D-3912B24140C9}.Debug|Any CPU.ActiveCfg = Debug|Any CPU
		{F37363A2-B789-4A96-9C0D-3912B24140C9}.Debug|Any CPU.Build.0 = Debug|Any CPU
		{F37363A2-B789-4A96-9C0D-3912B24140C9}.Debug|x86.ActiveCfg = Debug|Any CPU
		{F37363A2-B789-4A96-9C0D-3912B24140C9}.Debug|x86.Build.0 = Debug|Any CPU
		{F37363A2-B789-4A96-9C0D-3912B24140C9}.Release|Any CPU.ActiveCfg = Release|Any CPU
		{F37363A2-B789-4A96-9C0D-3912B24140C9}.Release|Any CPU.Build.0 = Release|Any CPU
		{F37363A2-B789-4A96-9C0D-3912B24140C9}.Release|x86.ActiveCfg = Release|Any CPU
		{F37363A2-B789-4A96-9C0D-3912B24140C9}.Release|x86.Build.0 = Release|Any CPU
		{FC50AFCA-3720-47F8-B5F1-6055EDF0D0CF}.Debug|Any CPU.ActiveCfg = Debug|Any CPU
		{FC50AFCA-3720-47F8-B5F1-6055EDF0D0CF}.Debug|Any CPU.Build.0 = Debug|Any CPU
		{FC50AFCA-3720-47F8-B5F1-6055EDF0D0CF}.Debug|x86.ActiveCfg = Debug|Any CPU
		{FC50AFCA-3720-47F8-B5F1-6055EDF0D0CF}.Debug|x86.Build.0 = Debug|Any CPU
		{FC50AFCA-3720-47F8-B5F1-6055EDF0D0CF}.Release|Any CPU.ActiveCfg = Release|Any CPU
		{FC50AFCA-3720-47F8-B5F1-6055EDF0D0CF}.Release|Any CPU.Build.0 = Release|Any CPU
		{FC50AFCA-3720-47F8-B5F1-6055EDF0D0CF}.Release|x86.ActiveCfg = Release|Any CPU
		{FC50AFCA-3720-47F8-B5F1-6055EDF0D0CF}.Release|x86.Build.0 = Release|Any CPU
		{83FE9BFC-803A-405C-8DF4-7176A0FD08B1}.Debug|Any CPU.ActiveCfg = Debug|Any CPU
		{83FE9BFC-803A-405C-8DF4-7176A0FD08B1}.Debug|Any CPU.Build.0 = Debug|Any CPU
		{83FE9BFC-803A-405C-8DF4-7176A0FD08B1}.Debug|x86.ActiveCfg = Debug|Any CPU
		{83FE9BFC-803A-405C-8DF4-7176A0FD08B1}.Debug|x86.Build.0 = Debug|Any CPU
		{83FE9BFC-803A-405C-8DF4-7176A0FD08B1}.Release|Any CPU.ActiveCfg = Release|Any CPU
		{83FE9BFC-803A-405C-8DF4-7176A0FD08B1}.Release|Any CPU.Build.0 = Release|Any CPU
		{83FE9BFC-803A-405C-8DF4-7176A0FD08B1}.Release|x86.ActiveCfg = Release|Any CPU
		{83FE9BFC-803A-405C-8DF4-7176A0FD08B1}.Release|x86.Build.0 = Release|Any CPU
		{5D6DE953-6E67-4ED8-AFE2-3D83FF01F43E}.Debug|Any CPU.ActiveCfg = Debug|Any CPU
		{5D6DE953-6E67-4ED8-AFE2-3D83FF01F43E}.Debug|Any CPU.Build.0 = Debug|Any CPU
		{5D6DE953-6E67-4ED8-AFE2-3D83FF01F43E}.Debug|x86.ActiveCfg = Debug|Any CPU
		{5D6DE953-6E67-4ED8-AFE2-3D83FF01F43E}.Debug|x86.Build.0 = Debug|Any CPU
		{5D6DE953-6E67-4ED8-AFE2-3D83FF01F43E}.Release|Any CPU.ActiveCfg = Release|Any CPU
		{5D6DE953-6E67-4ED8-AFE2-3D83FF01F43E}.Release|Any CPU.Build.0 = Release|Any CPU
		{5D6DE953-6E67-4ED8-AFE2-3D83FF01F43E}.Release|x86.ActiveCfg = Release|Any CPU
		{5D6DE953-6E67-4ED8-AFE2-3D83FF01F43E}.Release|x86.Build.0 = Release|Any CPU
		{BAF10CF7-0E25-4738-BA0B-EC05DE1FF4CA}.Debug|Any CPU.ActiveCfg = Debug|Any CPU
		{BAF10CF7-0E25-4738-BA0B-EC05DE1FF4CA}.Debug|Any CPU.Build.0 = Debug|Any CPU
		{BAF10CF7-0E25-4738-BA0B-EC05DE1FF4CA}.Debug|x86.ActiveCfg = Debug|Any CPU
		{BAF10CF7-0E25-4738-BA0B-EC05DE1FF4CA}.Debug|x86.Build.0 = Debug|Any CPU
		{BAF10CF7-0E25-4738-BA0B-EC05DE1FF4CA}.Release|Any CPU.ActiveCfg = Release|Any CPU
		{BAF10CF7-0E25-4738-BA0B-EC05DE1FF4CA}.Release|Any CPU.Build.0 = Release|Any CPU
		{BAF10CF7-0E25-4738-BA0B-EC05DE1FF4CA}.Release|x86.ActiveCfg = Release|Any CPU
		{BAF10CF7-0E25-4738-BA0B-EC05DE1FF4CA}.Release|x86.Build.0 = Release|Any CPU
		{2438C30B-05A7-4274-9A1E-0EB0C74D0C47}.Debug|Any CPU.ActiveCfg = Debug|Any CPU
		{2438C30B-05A7-4274-9A1E-0EB0C74D0C47}.Debug|Any CPU.Build.0 = Debug|Any CPU
		{2438C30B-05A7-4274-9A1E-0EB0C74D0C47}.Debug|x86.ActiveCfg = Debug|x86
		{2438C30B-05A7-4274-9A1E-0EB0C74D0C47}.Debug|x86.Build.0 = Debug|x86
		{2438C30B-05A7-4274-9A1E-0EB0C74D0C47}.Release|Any CPU.ActiveCfg = Release|Any CPU
		{2438C30B-05A7-4274-9A1E-0EB0C74D0C47}.Release|Any CPU.Build.0 = Release|Any CPU
		{2438C30B-05A7-4274-9A1E-0EB0C74D0C47}.Release|x86.ActiveCfg = Release|x86
		{2438C30B-05A7-4274-9A1E-0EB0C74D0C47}.Release|x86.Build.0 = Release|x86
		{03EA9A89-C670-4371-9134-AD25E5B821E2}.Debug|Any CPU.ActiveCfg = Debug|Any CPU
		{03EA9A89-C670-4371-9134-AD25E5B821E2}.Debug|Any CPU.Build.0 = Debug|Any CPU
		{03EA9A89-C670-4371-9134-AD25E5B821E2}.Debug|x86.ActiveCfg = Debug|Any CPU
		{03EA9A89-C670-4371-9134-AD25E5B821E2}.Debug|x86.Build.0 = Debug|Any CPU
		{03EA9A89-C670-4371-9134-AD25E5B821E2}.Release|Any CPU.ActiveCfg = Release|Any CPU
		{03EA9A89-C670-4371-9134-AD25E5B821E2}.Release|Any CPU.Build.0 = Release|Any CPU
		{03EA9A89-C670-4371-9134-AD25E5B821E2}.Release|x86.ActiveCfg = Release|Any CPU
		{03EA9A89-C670-4371-9134-AD25E5B821E2}.Release|x86.Build.0 = Release|Any CPU
		{50BE8345-8503-4621-BEFB-E1ADBDD65C77}.Debug|Any CPU.ActiveCfg = Debug|Any CPU
		{50BE8345-8503-4621-BEFB-E1ADBDD65C77}.Debug|Any CPU.Build.0 = Debug|Any CPU
		{50BE8345-8503-4621-BEFB-E1ADBDD65C77}.Debug|x86.ActiveCfg = Debug|Any CPU
		{50BE8345-8503-4621-BEFB-E1ADBDD65C77}.Debug|x86.Build.0 = Debug|Any CPU
		{50BE8345-8503-4621-BEFB-E1ADBDD65C77}.Release|Any CPU.ActiveCfg = Release|Any CPU
		{50BE8345-8503-4621-BEFB-E1ADBDD65C77}.Release|Any CPU.Build.0 = Release|Any CPU
		{50BE8345-8503-4621-BEFB-E1ADBDD65C77}.Release|x86.ActiveCfg = Release|Any CPU
		{50BE8345-8503-4621-BEFB-E1ADBDD65C77}.Release|x86.Build.0 = Release|Any CPU
		{720E3EC9-88A0-428F-AE27-4B13C48BD186}.Debug|Any CPU.ActiveCfg = Debug|Any CPU
		{720E3EC9-88A0-428F-AE27-4B13C48BD186}.Debug|Any CPU.Build.0 = Debug|Any CPU
		{720E3EC9-88A0-428F-AE27-4B13C48BD186}.Debug|x86.ActiveCfg = Debug|Any CPU
		{720E3EC9-88A0-428F-AE27-4B13C48BD186}.Debug|x86.Build.0 = Debug|Any CPU
		{720E3EC9-88A0-428F-AE27-4B13C48BD186}.Release|Any CPU.ActiveCfg = Release|Any CPU
		{720E3EC9-88A0-428F-AE27-4B13C48BD186}.Release|Any CPU.Build.0 = Release|Any CPU
		{720E3EC9-88A0-428F-AE27-4B13C48BD186}.Release|x86.ActiveCfg = Release|Any CPU
		{720E3EC9-88A0-428F-AE27-4B13C48BD186}.Release|x86.Build.0 = Release|Any CPU
		{B36E99F5-3354-4274-97CB-F6CE26923DD5}.Debug|Any CPU.ActiveCfg = Debug|Any CPU
		{B36E99F5-3354-4274-97CB-F6CE26923DD5}.Debug|Any CPU.Build.0 = Debug|Any CPU
		{B36E99F5-3354-4274-97CB-F6CE26923DD5}.Debug|x86.ActiveCfg = Debug|x86
		{B36E99F5-3354-4274-97CB-F6CE26923DD5}.Debug|x86.Build.0 = Debug|x86
		{B36E99F5-3354-4274-97CB-F6CE26923DD5}.Release|Any CPU.ActiveCfg = Release|Any CPU
		{B36E99F5-3354-4274-97CB-F6CE26923DD5}.Release|Any CPU.Build.0 = Release|Any CPU
		{B36E99F5-3354-4274-97CB-F6CE26923DD5}.Release|x86.ActiveCfg = Release|x86
		{B36E99F5-3354-4274-97CB-F6CE26923DD5}.Release|x86.Build.0 = Release|x86
		{ED0E2256-893F-4F31-94C2-7738CA2D9250}.Debug|Any CPU.ActiveCfg = Debug|Any CPU
		{ED0E2256-893F-4F31-94C2-7738CA2D9250}.Debug|Any CPU.Build.0 = Debug|Any CPU
		{ED0E2256-893F-4F31-94C2-7738CA2D9250}.Debug|x86.ActiveCfg = Debug|x86
		{ED0E2256-893F-4F31-94C2-7738CA2D9250}.Debug|x86.Build.0 = Debug|x86
		{ED0E2256-893F-4F31-94C2-7738CA2D9250}.Release|Any CPU.ActiveCfg = Release|Any CPU
		{ED0E2256-893F-4F31-94C2-7738CA2D9250}.Release|Any CPU.Build.0 = Release|Any CPU
		{ED0E2256-893F-4F31-94C2-7738CA2D9250}.Release|x86.ActiveCfg = Release|x86
		{ED0E2256-893F-4F31-94C2-7738CA2D9250}.Release|x86.Build.0 = Release|x86
		{2C2024A0-F2CD-4034-BC5B-5A18AB716906}.Debug|Any CPU.ActiveCfg = Debug|Any CPU
		{2C2024A0-F2CD-4034-BC5B-5A18AB716906}.Debug|Any CPU.Build.0 = Debug|Any CPU
		{2C2024A0-F2CD-4034-BC5B-5A18AB716906}.Debug|x86.ActiveCfg = Debug|Any CPU
		{2C2024A0-F2CD-4034-BC5B-5A18AB716906}.Debug|x86.Build.0 = Debug|Any CPU
		{2C2024A0-F2CD-4034-BC5B-5A18AB716906}.Release|Any CPU.ActiveCfg = Release|Any CPU
		{2C2024A0-F2CD-4034-BC5B-5A18AB716906}.Release|Any CPU.Build.0 = Release|Any CPU
		{2C2024A0-F2CD-4034-BC5B-5A18AB716906}.Release|x86.ActiveCfg = Release|Any CPU
		{2C2024A0-F2CD-4034-BC5B-5A18AB716906}.Release|x86.Build.0 = Release|Any CPU
		{D3FD383C-5D6F-407B-9A96-E91B42293B42}.Debug|Any CPU.ActiveCfg = Debug|Any CPU
		{D3FD383C-5D6F-407B-9A96-E91B42293B42}.Debug|Any CPU.Build.0 = Debug|Any CPU
		{D3FD383C-5D6F-407B-9A96-E91B42293B42}.Debug|x86.ActiveCfg = Debug|Any CPU
		{D3FD383C-5D6F-407B-9A96-E91B42293B42}.Debug|x86.Build.0 = Debug|Any CPU
		{D3FD383C-5D6F-407B-9A96-E91B42293B42}.Release|Any CPU.ActiveCfg = Release|Any CPU
		{D3FD383C-5D6F-407B-9A96-E91B42293B42}.Release|Any CPU.Build.0 = Release|Any CPU
		{D3FD383C-5D6F-407B-9A96-E91B42293B42}.Release|x86.ActiveCfg = Release|Any CPU
		{D3FD383C-5D6F-407B-9A96-E91B42293B42}.Release|x86.Build.0 = Release|Any CPU
		{42D45EFF-CDAC-4FEA-B2CD-6537848D636E}.Debug|Any CPU.ActiveCfg = Debug|Any CPU
		{42D45EFF-CDAC-4FEA-B2CD-6537848D636E}.Debug|Any CPU.Build.0 = Debug|Any CPU
		{42D45EFF-CDAC-4FEA-B2CD-6537848D636E}.Debug|x86.ActiveCfg = Debug|Any CPU
		{42D45EFF-CDAC-4FEA-B2CD-6537848D636E}.Debug|x86.Build.0 = Debug|Any CPU
		{42D45EFF-CDAC-4FEA-B2CD-6537848D636E}.Release|Any CPU.ActiveCfg = Release|Any CPU
		{42D45EFF-CDAC-4FEA-B2CD-6537848D636E}.Release|Any CPU.Build.0 = Release|Any CPU
		{42D45EFF-CDAC-4FEA-B2CD-6537848D636E}.Release|x86.ActiveCfg = Release|Any CPU
		{42D45EFF-CDAC-4FEA-B2CD-6537848D636E}.Release|x86.Build.0 = Release|Any CPU
		{F87A22B1-C76F-47EC-AE77-D1904BC469C1}.Debug|Any CPU.ActiveCfg = Debug|Any CPU
		{F87A22B1-C76F-47EC-AE77-D1904BC469C1}.Debug|Any CPU.Build.0 = Debug|Any CPU
		{F87A22B1-C76F-47EC-AE77-D1904BC469C1}.Debug|x86.ActiveCfg = Debug|Any CPU
		{F87A22B1-C76F-47EC-AE77-D1904BC469C1}.Debug|x86.Build.0 = Debug|Any CPU
		{F87A22B1-C76F-47EC-AE77-D1904BC469C1}.Release|Any CPU.ActiveCfg = Release|Any CPU
		{F87A22B1-C76F-47EC-AE77-D1904BC469C1}.Release|Any CPU.Build.0 = Release|Any CPU
		{F87A22B1-C76F-47EC-AE77-D1904BC469C1}.Release|x86.ActiveCfg = Release|Any CPU
		{F87A22B1-C76F-47EC-AE77-D1904BC469C1}.Release|x86.Build.0 = Release|Any CPU
		{14C189CD-D118-4EA3-ADBE-0C600A14D16D}.Debug|Any CPU.ActiveCfg = Debug|Any CPU
		{14C189CD-D118-4EA3-ADBE-0C600A14D16D}.Debug|Any CPU.Build.0 = Debug|Any CPU
		{14C189CD-D118-4EA3-ADBE-0C600A14D16D}.Debug|x86.ActiveCfg = Debug|Any CPU
		{14C189CD-D118-4EA3-ADBE-0C600A14D16D}.Debug|x86.Build.0 = Debug|Any CPU
		{14C189CD-D118-4EA3-ADBE-0C600A14D16D}.Release|Any CPU.ActiveCfg = Release|Any CPU
		{14C189CD-D118-4EA3-ADBE-0C600A14D16D}.Release|Any CPU.Build.0 = Release|Any CPU
		{14C189CD-D118-4EA3-ADBE-0C600A14D16D}.Release|x86.ActiveCfg = Release|Any CPU
		{14C189CD-D118-4EA3-ADBE-0C600A14D16D}.Release|x86.Build.0 = Release|Any CPU
		{EE2C6D4D-856F-4426-920C-4E2657961AE5}.Debug|Any CPU.ActiveCfg = Debug|Any CPU
		{EE2C6D4D-856F-4426-920C-4E2657961AE5}.Debug|Any CPU.Build.0 = Debug|Any CPU
		{EE2C6D4D-856F-4426-920C-4E2657961AE5}.Debug|x86.ActiveCfg = Debug|Any CPU
		{EE2C6D4D-856F-4426-920C-4E2657961AE5}.Debug|x86.Build.0 = Debug|Any CPU
		{EE2C6D4D-856F-4426-920C-4E2657961AE5}.Release|Any CPU.ActiveCfg = Release|Any CPU
		{EE2C6D4D-856F-4426-920C-4E2657961AE5}.Release|Any CPU.Build.0 = Release|Any CPU
		{EE2C6D4D-856F-4426-920C-4E2657961AE5}.Release|x86.ActiveCfg = Release|Any CPU
		{EE2C6D4D-856F-4426-920C-4E2657961AE5}.Release|x86.Build.0 = Release|Any CPU
		{82079279-B6E4-4008-8965-832AB979FF37}.Debug|Any CPU.ActiveCfg = Debug|Any CPU
		{82079279-B6E4-4008-8965-832AB979FF37}.Debug|Any CPU.Build.0 = Debug|Any CPU
		{82079279-B6E4-4008-8965-832AB979FF37}.Debug|x86.ActiveCfg = Debug|Any CPU
		{82079279-B6E4-4008-8965-832AB979FF37}.Debug|x86.Build.0 = Debug|Any CPU
		{82079279-B6E4-4008-8965-832AB979FF37}.Release|Any CPU.ActiveCfg = Release|Any CPU
		{82079279-B6E4-4008-8965-832AB979FF37}.Release|Any CPU.Build.0 = Release|Any CPU
		{82079279-B6E4-4008-8965-832AB979FF37}.Release|x86.ActiveCfg = Release|Any CPU
		{82079279-B6E4-4008-8965-832AB979FF37}.Release|x86.Build.0 = Release|Any CPU
		{3CCBAF83-9E37-4884-964B-45180CAA0FA4}.Debug|Any CPU.ActiveCfg = Debug|Any CPU
		{3CCBAF83-9E37-4884-964B-45180CAA0FA4}.Debug|Any CPU.Build.0 = Debug|Any CPU
		{3CCBAF83-9E37-4884-964B-45180CAA0FA4}.Debug|x86.ActiveCfg = Debug|Any CPU
		{3CCBAF83-9E37-4884-964B-45180CAA0FA4}.Debug|x86.Build.0 = Debug|Any CPU
		{3CCBAF83-9E37-4884-964B-45180CAA0FA4}.Release|Any CPU.ActiveCfg = Release|Any CPU
		{3CCBAF83-9E37-4884-964B-45180CAA0FA4}.Release|Any CPU.Build.0 = Release|Any CPU
		{3CCBAF83-9E37-4884-964B-45180CAA0FA4}.Release|x86.ActiveCfg = Release|Any CPU
		{3CCBAF83-9E37-4884-964B-45180CAA0FA4}.Release|x86.Build.0 = Release|Any CPU
		{6699FCFA-04EF-4884-8397-12CBEBA0B231}.Debug|Any CPU.ActiveCfg = Debug|Any CPU
		{6699FCFA-04EF-4884-8397-12CBEBA0B231}.Debug|Any CPU.Build.0 = Debug|Any CPU
		{6699FCFA-04EF-4884-8397-12CBEBA0B231}.Debug|x86.ActiveCfg = Debug|Any CPU
		{6699FCFA-04EF-4884-8397-12CBEBA0B231}.Debug|x86.Build.0 = Debug|Any CPU
		{6699FCFA-04EF-4884-8397-12CBEBA0B231}.Release|Any CPU.ActiveCfg = Release|Any CPU
		{6699FCFA-04EF-4884-8397-12CBEBA0B231}.Release|Any CPU.Build.0 = Release|Any CPU
		{6699FCFA-04EF-4884-8397-12CBEBA0B231}.Release|x86.ActiveCfg = Release|Any CPU
		{6699FCFA-04EF-4884-8397-12CBEBA0B231}.Release|x86.Build.0 = Release|Any CPU
		{B50721B2-0E6A-448B-88CD-C14CC0EE2BFB}.Debug|Any CPU.ActiveCfg = Debug|Any CPU
		{B50721B2-0E6A-448B-88CD-C14CC0EE2BFB}.Debug|Any CPU.Build.0 = Debug|Any CPU
		{B50721B2-0E6A-448B-88CD-C14CC0EE2BFB}.Debug|x86.ActiveCfg = Debug|Any CPU
		{B50721B2-0E6A-448B-88CD-C14CC0EE2BFB}.Debug|x86.Build.0 = Debug|Any CPU
		{B50721B2-0E6A-448B-88CD-C14CC0EE2BFB}.Release|Any CPU.ActiveCfg = Release|Any CPU
		{B50721B2-0E6A-448B-88CD-C14CC0EE2BFB}.Release|Any CPU.Build.0 = Release|Any CPU
		{B50721B2-0E6A-448B-88CD-C14CC0EE2BFB}.Release|x86.ActiveCfg = Release|Any CPU
		{B50721B2-0E6A-448B-88CD-C14CC0EE2BFB}.Release|x86.Build.0 = Release|Any CPU
		{AB1DE91F-6323-4F17-8CB1-D5659ED9C384}.Debug|Any CPU.ActiveCfg = Debug|Any CPU
		{AB1DE91F-6323-4F17-8CB1-D5659ED9C384}.Debug|Any CPU.Build.0 = Debug|Any CPU
		{AB1DE91F-6323-4F17-8CB1-D5659ED9C384}.Debug|x86.ActiveCfg = Debug|Any CPU
		{AB1DE91F-6323-4F17-8CB1-D5659ED9C384}.Debug|x86.Build.0 = Debug|Any CPU
		{AB1DE91F-6323-4F17-8CB1-D5659ED9C384}.Release|Any CPU.ActiveCfg = Release|Any CPU
		{AB1DE91F-6323-4F17-8CB1-D5659ED9C384}.Release|Any CPU.Build.0 = Release|Any CPU
		{AB1DE91F-6323-4F17-8CB1-D5659ED9C384}.Release|x86.ActiveCfg = Release|Any CPU
		{AB1DE91F-6323-4F17-8CB1-D5659ED9C384}.Release|x86.Build.0 = Release|Any CPU
		{0B41F359-B1A0-47EF-B1D7-B190D843E161}.Debug|Any CPU.ActiveCfg = Debug|Any CPU
		{0B41F359-B1A0-47EF-B1D7-B190D843E161}.Debug|Any CPU.Build.0 = Debug|Any CPU
		{0B41F359-B1A0-47EF-B1D7-B190D843E161}.Debug|x86.ActiveCfg = Debug|Any CPU
		{0B41F359-B1A0-47EF-B1D7-B190D843E161}.Debug|x86.Build.0 = Debug|Any CPU
		{0B41F359-B1A0-47EF-B1D7-B190D843E161}.Release|Any CPU.ActiveCfg = Release|Any CPU
		{0B41F359-B1A0-47EF-B1D7-B190D843E161}.Release|Any CPU.Build.0 = Release|Any CPU
		{0B41F359-B1A0-47EF-B1D7-B190D843E161}.Release|x86.ActiveCfg = Release|Any CPU
		{0B41F359-B1A0-47EF-B1D7-B190D843E161}.Release|x86.Build.0 = Release|Any CPU
		{CFCA92AA-EB01-4899-91D0-A1DF1BBA90FD}.Debug|Any CPU.ActiveCfg = Debug|Any CPU
		{CFCA92AA-EB01-4899-91D0-A1DF1BBA90FD}.Debug|Any CPU.Build.0 = Debug|Any CPU
		{CFCA92AA-EB01-4899-91D0-A1DF1BBA90FD}.Debug|x86.ActiveCfg = Debug|Any CPU
		{CFCA92AA-EB01-4899-91D0-A1DF1BBA90FD}.Debug|x86.Build.0 = Debug|Any CPU
		{CFCA92AA-EB01-4899-91D0-A1DF1BBA90FD}.Release|Any CPU.ActiveCfg = Release|Any CPU
		{CFCA92AA-EB01-4899-91D0-A1DF1BBA90FD}.Release|Any CPU.Build.0 = Release|Any CPU
		{CFCA92AA-EB01-4899-91D0-A1DF1BBA90FD}.Release|x86.ActiveCfg = Release|Any CPU
		{CFCA92AA-EB01-4899-91D0-A1DF1BBA90FD}.Release|x86.Build.0 = Release|Any CPU
		{415A3853-DA29-44F8-B46B-67257CE2CD4E}.Debug|Any CPU.ActiveCfg = Debug|Any CPU
		{415A3853-DA29-44F8-B46B-67257CE2CD4E}.Debug|Any CPU.Build.0 = Debug|Any CPU
		{415A3853-DA29-44F8-B46B-67257CE2CD4E}.Debug|x86.ActiveCfg = Debug|Any CPU
		{415A3853-DA29-44F8-B46B-67257CE2CD4E}.Debug|x86.Build.0 = Debug|Any CPU
		{415A3853-DA29-44F8-B46B-67257CE2CD4E}.Release|Any CPU.ActiveCfg = Release|Any CPU
		{415A3853-DA29-44F8-B46B-67257CE2CD4E}.Release|Any CPU.Build.0 = Release|Any CPU
		{415A3853-DA29-44F8-B46B-67257CE2CD4E}.Release|x86.ActiveCfg = Release|Any CPU
		{415A3853-DA29-44F8-B46B-67257CE2CD4E}.Release|x86.Build.0 = Release|Any CPU
		{A5A22F4B-5914-40F1-BA84-A7F484F28852}.Debug|Any CPU.ActiveCfg = Debug|Any CPU
		{A5A22F4B-5914-40F1-BA84-A7F484F28852}.Debug|Any CPU.Build.0 = Debug|Any CPU
		{A5A22F4B-5914-40F1-BA84-A7F484F28852}.Debug|x86.ActiveCfg = Debug|Any CPU
		{A5A22F4B-5914-40F1-BA84-A7F484F28852}.Debug|x86.Build.0 = Debug|Any CPU
		{A5A22F4B-5914-40F1-BA84-A7F484F28852}.Release|Any CPU.ActiveCfg = Release|Any CPU
		{A5A22F4B-5914-40F1-BA84-A7F484F28852}.Release|Any CPU.Build.0 = Release|Any CPU
		{A5A22F4B-5914-40F1-BA84-A7F484F28852}.Release|x86.ActiveCfg = Release|Any CPU
		{A5A22F4B-5914-40F1-BA84-A7F484F28852}.Release|x86.Build.0 = Release|Any CPU
		{4C534124-22E0-4F73-B927-6804E76EA1CC}.Debug|Any CPU.ActiveCfg = Debug|Any CPU
		{4C534124-22E0-4F73-B927-6804E76EA1CC}.Debug|Any CPU.Build.0 = Debug|Any CPU
		{4C534124-22E0-4F73-B927-6804E76EA1CC}.Debug|x86.ActiveCfg = Debug|Any CPU
		{4C534124-22E0-4F73-B927-6804E76EA1CC}.Debug|x86.Build.0 = Debug|Any CPU
		{4C534124-22E0-4F73-B927-6804E76EA1CC}.Release|Any CPU.ActiveCfg = Release|Any CPU
		{4C534124-22E0-4F73-B927-6804E76EA1CC}.Release|Any CPU.Build.0 = Release|Any CPU
		{4C534124-22E0-4F73-B927-6804E76EA1CC}.Release|x86.ActiveCfg = Release|Any CPU
		{4C534124-22E0-4F73-B927-6804E76EA1CC}.Release|x86.Build.0 = Release|Any CPU
		{656C3EDC-17F0-47B2-8F44-E64DC98FB301}.Debug|Any CPU.ActiveCfg = Debug|Any CPU
		{656C3EDC-17F0-47B2-8F44-E64DC98FB301}.Debug|Any CPU.Build.0 = Debug|Any CPU
		{656C3EDC-17F0-47B2-8F44-E64DC98FB301}.Debug|x86.ActiveCfg = Debug|Any CPU
		{656C3EDC-17F0-47B2-8F44-E64DC98FB301}.Debug|x86.Build.0 = Debug|Any CPU
		{656C3EDC-17F0-47B2-8F44-E64DC98FB301}.Release|Any CPU.ActiveCfg = Release|Any CPU
		{656C3EDC-17F0-47B2-8F44-E64DC98FB301}.Release|Any CPU.Build.0 = Release|Any CPU
		{656C3EDC-17F0-47B2-8F44-E64DC98FB301}.Release|x86.ActiveCfg = Release|Any CPU
		{656C3EDC-17F0-47B2-8F44-E64DC98FB301}.Release|x86.Build.0 = Release|Any CPU
		{69B48ADF-378F-4CF4-AE02-A432AC53289A}.Debug|Any CPU.ActiveCfg = Debug|Any CPU
		{69B48ADF-378F-4CF4-AE02-A432AC53289A}.Debug|Any CPU.Build.0 = Debug|Any CPU
		{69B48ADF-378F-4CF4-AE02-A432AC53289A}.Debug|x86.ActiveCfg = Debug|Any CPU
		{69B48ADF-378F-4CF4-AE02-A432AC53289A}.Debug|x86.Build.0 = Debug|Any CPU
		{69B48ADF-378F-4CF4-AE02-A432AC53289A}.Release|Any CPU.ActiveCfg = Release|Any CPU
		{69B48ADF-378F-4CF4-AE02-A432AC53289A}.Release|Any CPU.Build.0 = Release|Any CPU
		{69B48ADF-378F-4CF4-AE02-A432AC53289A}.Release|x86.ActiveCfg = Release|Any CPU
		{69B48ADF-378F-4CF4-AE02-A432AC53289A}.Release|x86.Build.0 = Release|Any CPU
		{15A07974-781C-4C3B-A25C-B9AC1257F96A}.Debug|Any CPU.ActiveCfg = Debug|Any CPU
		{15A07974-781C-4C3B-A25C-B9AC1257F96A}.Debug|Any CPU.Build.0 = Debug|Any CPU
		{15A07974-781C-4C3B-A25C-B9AC1257F96A}.Debug|x86.ActiveCfg = Debug|Any CPU
		{15A07974-781C-4C3B-A25C-B9AC1257F96A}.Debug|x86.Build.0 = Debug|Any CPU
		{15A07974-781C-4C3B-A25C-B9AC1257F96A}.Release|Any CPU.ActiveCfg = Release|Any CPU
		{15A07974-781C-4C3B-A25C-B9AC1257F96A}.Release|Any CPU.Build.0 = Release|Any CPU
		{15A07974-781C-4C3B-A25C-B9AC1257F96A}.Release|x86.ActiveCfg = Release|Any CPU
		{15A07974-781C-4C3B-A25C-B9AC1257F96A}.Release|x86.Build.0 = Release|Any CPU
		{B2171E51-E658-4DC2-9B8F-EA605B9299E7}.Debug|Any CPU.ActiveCfg = Debug|Any CPU
		{B2171E51-E658-4DC2-9B8F-EA605B9299E7}.Debug|Any CPU.Build.0 = Debug|Any CPU
		{B2171E51-E658-4DC2-9B8F-EA605B9299E7}.Debug|x86.ActiveCfg = Debug|Any CPU
		{B2171E51-E658-4DC2-9B8F-EA605B9299E7}.Debug|x86.Build.0 = Debug|Any CPU
		{B2171E51-E658-4DC2-9B8F-EA605B9299E7}.Release|Any CPU.ActiveCfg = Release|Any CPU
		{B2171E51-E658-4DC2-9B8F-EA605B9299E7}.Release|Any CPU.Build.0 = Release|Any CPU
		{B2171E51-E658-4DC2-9B8F-EA605B9299E7}.Release|x86.ActiveCfg = Release|Any CPU
		{B2171E51-E658-4DC2-9B8F-EA605B9299E7}.Release|x86.Build.0 = Release|Any CPU
		{131EE37D-F887-4DC6-B1D6-32A05B2AD3BE}.Debug|Any CPU.ActiveCfg = Debug|Any CPU
		{131EE37D-F887-4DC6-B1D6-32A05B2AD3BE}.Debug|Any CPU.Build.0 = Debug|Any CPU
		{131EE37D-F887-4DC6-B1D6-32A05B2AD3BE}.Debug|x86.ActiveCfg = Debug|Any CPU
		{131EE37D-F887-4DC6-B1D6-32A05B2AD3BE}.Debug|x86.Build.0 = Debug|Any CPU
		{131EE37D-F887-4DC6-B1D6-32A05B2AD3BE}.Release|Any CPU.ActiveCfg = Release|Any CPU
		{131EE37D-F887-4DC6-B1D6-32A05B2AD3BE}.Release|Any CPU.Build.0 = Release|Any CPU
		{131EE37D-F887-4DC6-B1D6-32A05B2AD3BE}.Release|x86.ActiveCfg = Release|Any CPU
		{131EE37D-F887-4DC6-B1D6-32A05B2AD3BE}.Release|x86.Build.0 = Release|Any CPU
		{E914496A-D739-485A-9905-DC62AE93E50C}.Debug|Any CPU.ActiveCfg = Debug|Any CPU
		{E914496A-D739-485A-9905-DC62AE93E50C}.Debug|Any CPU.Build.0 = Debug|Any CPU
		{E914496A-D739-485A-9905-DC62AE93E50C}.Debug|x86.ActiveCfg = Debug|Any CPU
		{E914496A-D739-485A-9905-DC62AE93E50C}.Debug|x86.Build.0 = Debug|Any CPU
		{E914496A-D739-485A-9905-DC62AE93E50C}.Release|Any CPU.ActiveCfg = Release|Any CPU
		{E914496A-D739-485A-9905-DC62AE93E50C}.Release|Any CPU.Build.0 = Release|Any CPU
		{E914496A-D739-485A-9905-DC62AE93E50C}.Release|x86.ActiveCfg = Release|Any CPU
		{E914496A-D739-485A-9905-DC62AE93E50C}.Release|x86.Build.0 = Release|Any CPU
		{7B10B086-A584-4913-AC93-C01882AC9438}.Debug|Any CPU.ActiveCfg = Debug|Any CPU
		{7B10B086-A584-4913-AC93-C01882AC9438}.Debug|Any CPU.Build.0 = Debug|Any CPU
		{7B10B086-A584-4913-AC93-C01882AC9438}.Debug|x86.ActiveCfg = Debug|Any CPU
		{7B10B086-A584-4913-AC93-C01882AC9438}.Debug|x86.Build.0 = Debug|Any CPU
		{7B10B086-A584-4913-AC93-C01882AC9438}.Release|Any CPU.ActiveCfg = Release|Any CPU
		{7B10B086-A584-4913-AC93-C01882AC9438}.Release|Any CPU.Build.0 = Release|Any CPU
		{7B10B086-A584-4913-AC93-C01882AC9438}.Release|x86.ActiveCfg = Release|Any CPU
		{7B10B086-A584-4913-AC93-C01882AC9438}.Release|x86.Build.0 = Release|Any CPU
		{A0A6D8E3-AA89-4EFC-8819-1D85AC91E6BC}.Debug|Any CPU.ActiveCfg = Debug|Any CPU
		{A0A6D8E3-AA89-4EFC-8819-1D85AC91E6BC}.Debug|Any CPU.Build.0 = Debug|Any CPU
		{A0A6D8E3-AA89-4EFC-8819-1D85AC91E6BC}.Debug|x86.ActiveCfg = Debug|Any CPU
		{A0A6D8E3-AA89-4EFC-8819-1D85AC91E6BC}.Debug|x86.Build.0 = Debug|Any CPU
		{A0A6D8E3-AA89-4EFC-8819-1D85AC91E6BC}.Release|Any CPU.ActiveCfg = Release|Any CPU
		{A0A6D8E3-AA89-4EFC-8819-1D85AC91E6BC}.Release|Any CPU.Build.0 = Release|Any CPU
		{A0A6D8E3-AA89-4EFC-8819-1D85AC91E6BC}.Release|x86.ActiveCfg = Release|Any CPU
		{A0A6D8E3-AA89-4EFC-8819-1D85AC91E6BC}.Release|x86.Build.0 = Release|Any CPU
		{9E348EBF-DAA2-4C9A-97D9-3DEA19479CB1}.Debug|Any CPU.ActiveCfg = Debug|Any CPU
		{9E348EBF-DAA2-4C9A-97D9-3DEA19479CB1}.Debug|Any CPU.Build.0 = Debug|Any CPU
		{9E348EBF-DAA2-4C9A-97D9-3DEA19479CB1}.Debug|x86.ActiveCfg = Debug|Any CPU
		{9E348EBF-DAA2-4C9A-97D9-3DEA19479CB1}.Debug|x86.Build.0 = Debug|Any CPU
		{9E348EBF-DAA2-4C9A-97D9-3DEA19479CB1}.Release|Any CPU.ActiveCfg = Release|Any CPU
		{9E348EBF-DAA2-4C9A-97D9-3DEA19479CB1}.Release|Any CPU.Build.0 = Release|Any CPU
		{9E348EBF-DAA2-4C9A-97D9-3DEA19479CB1}.Release|x86.ActiveCfg = Release|Any CPU
		{9E348EBF-DAA2-4C9A-97D9-3DEA19479CB1}.Release|x86.Build.0 = Release|Any CPU
		{142C93E8-E906-4836-96A9-81449C3F23BA}.Debug|Any CPU.ActiveCfg = Debug|Any CPU
		{142C93E8-E906-4836-96A9-81449C3F23BA}.Debug|Any CPU.Build.0 = Debug|Any CPU
		{142C93E8-E906-4836-96A9-81449C3F23BA}.Debug|x86.ActiveCfg = Debug|Any CPU
		{142C93E8-E906-4836-96A9-81449C3F23BA}.Debug|x86.Build.0 = Debug|Any CPU
		{142C93E8-E906-4836-96A9-81449C3F23BA}.Release|Any CPU.ActiveCfg = Release|Any CPU
		{142C93E8-E906-4836-96A9-81449C3F23BA}.Release|Any CPU.Build.0 = Release|Any CPU
		{142C93E8-E906-4836-96A9-81449C3F23BA}.Release|x86.ActiveCfg = Release|Any CPU
		{142C93E8-E906-4836-96A9-81449C3F23BA}.Release|x86.Build.0 = Release|Any CPU
	EndGlobalSection
	GlobalSection(SolutionProperties) = preSolution
		HideSolutionNode = FALSE
	EndGlobalSection
	GlobalSection(NestedProjects) = preSolution
		{A438AD02-5434-48D1-BA8E-B858AE8A6FDF} = {08480A10-56C5-4F60-84D3-6A0180AC3803}
		{3D53D781-1A20-48B6-A9F1-2E26AE76483C} = {86AE9C2B-13F6-4ED1-B1C9-D10E7B6B0E22}
		{90CE9C7F-A779-444F-B499-EC886641E6D6} = {08480A10-56C5-4F60-84D3-6A0180AC3803}
		{4DE2CD8C-F91D-4A75-9787-FF5CC2F41797} = {08480A10-56C5-4F60-84D3-6A0180AC3803}
		{75EB065B-086A-489A-9D22-FBDBABDD6669} = {08480A10-56C5-4F60-84D3-6A0180AC3803}
		{0E660382-C64D-48E4-ABAD-F7B9841BB4F8} = {08480A10-56C5-4F60-84D3-6A0180AC3803}
		{567330FE-E898-4FC2-8F4E-459FC504B2D5} = {08480A10-56C5-4F60-84D3-6A0180AC3803}
		{F65A4CB5-08C2-4C9D-B47D-EEFB2C29AEBB} = {08480A10-56C5-4F60-84D3-6A0180AC3803}
		{230D0C7E-5745-4F62-A0F4-0E8468B8BFA3} = {08480A10-56C5-4F60-84D3-6A0180AC3803}
		{19BC3FAC-C528-40FF-8BF9-3C10320917F4} = {0D632020-756D-4B23-ADB4-94AA24457679}
		{FCA2707E-3CDD-49DA-9847-A40A90AF0215} = {0D632020-756D-4B23-ADB4-94AA24457679}
		{F32803C1-C8AC-43B6-B569-66700B4988F8} = {0D632020-756D-4B23-ADB4-94AA24457679}
		{53D8C056-3BA5-48B4-ACEF-DB10DFB5F480} = {0D632020-756D-4B23-ADB4-94AA24457679}
		{4D244956-0BEA-4A31-94A8-4DD175CB08FF} = {0D632020-756D-4B23-ADB4-94AA24457679}
		{70F9D9EB-8096-4012-8042-C9BFD0DEEBA3} = {0D632020-756D-4B23-ADB4-94AA24457679}
		{F6E3FE26-BAD9-4B96-947C-E9B9C2C98E06} = {0D632020-756D-4B23-ADB4-94AA24457679}
		{8E89B922-B87B-4987-9961-8975CF99EE49} = {0D632020-756D-4B23-ADB4-94AA24457679}
		{356630A5-3DF9-4272-9CEE-44DC63595805} = {0D632020-756D-4B23-ADB4-94AA24457679}
		{F37363A2-B789-4A96-9C0D-3912B24140C9} = {0D632020-756D-4B23-ADB4-94AA24457679}
		{FC50AFCA-3720-47F8-B5F1-6055EDF0D0CF} = {08480A10-56C5-4F60-84D3-6A0180AC3803}
		{83FE9BFC-803A-405C-8DF4-7176A0FD08B1} = {0D632020-756D-4B23-ADB4-94AA24457679}
		{5D6DE953-6E67-4ED8-AFE2-3D83FF01F43E} = {08480A10-56C5-4F60-84D3-6A0180AC3803}
		{BAF10CF7-0E25-4738-BA0B-EC05DE1FF4CA} = {0D632020-756D-4B23-ADB4-94AA24457679}
		{2438C30B-05A7-4274-9A1E-0EB0C74D0C47} = {86AE9C2B-13F6-4ED1-B1C9-D10E7B6B0E22}
		{03EA9A89-C670-4371-9134-AD25E5B821E2} = {08480A10-56C5-4F60-84D3-6A0180AC3803}
		{50BE8345-8503-4621-BEFB-E1ADBDD65C77} = {0D632020-756D-4B23-ADB4-94AA24457679}
		{720E3EC9-88A0-428F-AE27-4B13C48BD186} = {08480A10-56C5-4F60-84D3-6A0180AC3803}
		{B36E99F5-3354-4274-97CB-F6CE26923DD5} = {57FFA9CA-9086-4292-A4D2-2545F8109E44}
		{ED0E2256-893F-4F31-94C2-7738CA2D9250} = {57FFA9CA-9086-4292-A4D2-2545F8109E44}
		{2C2024A0-F2CD-4034-BC5B-5A18AB716906} = {57FFA9CA-9086-4292-A4D2-2545F8109E44}
		{D3FD383C-5D6F-407B-9A96-E91B42293B42} = {57FFA9CA-9086-4292-A4D2-2545F8109E44}
		{42D45EFF-CDAC-4FEA-B2CD-6537848D636E} = {57FFA9CA-9086-4292-A4D2-2545F8109E44}
		{F87A22B1-C76F-47EC-AE77-D1904BC469C1} = {0D632020-756D-4B23-ADB4-94AA24457679}
		{14C189CD-D118-4EA3-ADBE-0C600A14D16D} = {0D632020-756D-4B23-ADB4-94AA24457679}
		{EE2C6D4D-856F-4426-920C-4E2657961AE5} = {08480A10-56C5-4F60-84D3-6A0180AC3803}
		{82079279-B6E4-4008-8965-832AB979FF37} = {0D632020-756D-4B23-ADB4-94AA24457679}
		{3CCBAF83-9E37-4884-964B-45180CAA0FA4} = {08480A10-56C5-4F60-84D3-6A0180AC3803}
		{6699FCFA-04EF-4884-8397-12CBEBA0B231} = {0D632020-756D-4B23-ADB4-94AA24457679}
		{B50721B2-0E6A-448B-88CD-C14CC0EE2BFB} = {0D632020-756D-4B23-ADB4-94AA24457679}
		{AB1DE91F-6323-4F17-8CB1-D5659ED9C384} = {08480A10-56C5-4F60-84D3-6A0180AC3803}
		{0B41F359-B1A0-47EF-B1D7-B190D843E161} = {0D632020-756D-4B23-ADB4-94AA24457679}
		{CFCA92AA-EB01-4899-91D0-A1DF1BBA90FD} = {57FFA9CA-9086-4292-A4D2-2545F8109E44}
		{415A3853-DA29-44F8-B46B-67257CE2CD4E} = {C1F93792-7A3D-4CCE-885C-D2CF0BF1578F}
		{A5A22F4B-5914-40F1-BA84-A7F484F28852} = {0D632020-756D-4B23-ADB4-94AA24457679}
		{4C534124-22E0-4F73-B927-6804E76EA1CC} = {57FFA9CA-9086-4292-A4D2-2545F8109E44}
		{656C3EDC-17F0-47B2-8F44-E64DC98FB301} = {57FFA9CA-9086-4292-A4D2-2545F8109E44}
		{69B48ADF-378F-4CF4-AE02-A432AC53289A} = {57FFA9CA-9086-4292-A4D2-2545F8109E44}
		{15A07974-781C-4C3B-A25C-B9AC1257F96A} = {08480A10-56C5-4F60-84D3-6A0180AC3803}
		{B2171E51-E658-4DC2-9B8F-EA605B9299E7} = {36ECE621-069F-429A-AAC6-834953B4298B}
		{131EE37D-F887-4DC6-B1D6-32A05B2AD3BE} = {0D632020-756D-4B23-ADB4-94AA24457679}
		{E914496A-D739-485A-9905-DC62AE93E50C} = {08480A10-56C5-4F60-84D3-6A0180AC3803}
		{7B10B086-A584-4913-AC93-C01882AC9438} = {0D632020-756D-4B23-ADB4-94AA24457679}
		{A0A6D8E3-AA89-4EFC-8819-1D85AC91E6BC} = {08480A10-56C5-4F60-84D3-6A0180AC3803}
		{9E348EBF-DAA2-4C9A-97D9-3DEA19479CB1} = {0D632020-756D-4B23-ADB4-94AA24457679}
		{142C93E8-E906-4836-96A9-81449C3F23BA} = {0D632020-756D-4B23-ADB4-94AA24457679}
	EndGlobalSection
EndGlobal
