Microsoft Visual Studio Solution File, Format Version 12.00
# Visual Studio 14
VisualStudioVersion = 14.0.25420.1
MinimumVisualStudioVersion = 10.0.40219.1
Project("{2150E333-8FDC-42A3-9474-1A3956D46DE8}") = "Build", "Build", "{A8DBB86E-9025-4923-9B22-683F372888C9}"
	ProjectSection(SolutionItems) = preProject
		Build\CustomDictionary.xml = Build\CustomDictionary.xml
		Build\DependencyManifest.xml = Build\DependencyManifest.xml
		paket.dependencies = paket.dependencies
		Build\TFSBuild.proj = Build\TFSBuild.proj
		Build\TFSBuild.rsp = Build\TFSBuild.rsp
	EndProjectSection
EndProject
Project("{2150E333-8FDC-42A3-9474-1A3956D46DE8}") = "Test", "Test", "{68ECEEC2-E7D7-4578-9EDF-4CDB3D91A903}"
EndProject
Project("{FAE04EC0-301F-11D3-BF4B-00C04F79EFBC}") = "Aderant.AccountsPayable.Presentation", "Src\Aderant.AccountsPayable.Presentation\Aderant.AccountsPayable.Presentation.csproj", "{3422C5D0-DF70-4CB8-9197-6895549338E4}"
EndProject
Project("{FAE04EC0-301F-11D3-BF4B-00C04F79EFBC}") = "AccountsPayable", "Src\AccountsPayable\AccountsPayable.csproj", "{A262C3C9-5870-437D-A7B3-9BD348E715D6}"
	ProjectSection(ProjectDependencies) = postProject
		{3422C5D0-DF70-4CB8-9197-6895549338E4} = {3422C5D0-DF70-4CB8-9197-6895549338E4}
	EndProjectSection
EndProject
Project("{FAE04EC0-301F-11D3-BF4B-00C04F79EFBC}") = "UnitTest.AccountsPayable", "Test\UnitTest.AccountsPayable\UnitTest.AccountsPayable.csproj", "{D2A8E9AE-54BA-48E5-B86D-E1EB622EDAF5}"
	ProjectSection(ProjectDependencies) = postProject
		{3422C5D0-DF70-4CB8-9197-6895549338E4} = {3422C5D0-DF70-4CB8-9197-6895549338E4}
		{A66655E5-7EC3-4F74-862A-DD00CFB1CF40} = {A66655E5-7EC3-4F74-862A-DD00CFB1CF40}
	EndProjectSection
EndProject
Project("{FAE04EC0-301F-11D3-BF4B-00C04F79EFBC}") = "UnitTest.AccountsPayable.Presentation", "Test\UnitTest.AccountsPayable.Presentation\UnitTest.AccountsPayable.Presentation.csproj", "{BEA7280C-7032-4973-8723-20E4AE63503F}"
EndProject
Project("{FAE04EC0-301F-11D3-BF4B-00C04F79EFBC}") = "Aderant.AccountsPayable.Administration", "Src\Aderant.AccountsPayable.Administration\Aderant.AccountsPayable.Administration.csproj", "{45FA2CF9-204D-47EE-AEB0-E5EEBE412964}"
EndProject
Project("{FAE04EC0-301F-11D3-BF4B-00C04F79EFBC}") = "UnitTest.AccountsPayable.Administration", "Test\UnitTest.AccountsPayable.Administration\UnitTest.AccountsPayable.Administration.csproj", "{08745CA0-1777-441C-8D7D-6911A83F2C22}"
EndProject
Project("{FAE04EC0-301F-11D3-BF4B-00C04F79EFBC}") = "IntegrationTest.AccountsPayable", "Test\IntegrationTest.AccountsPayable\IntegrationTest.AccountsPayable.csproj", "{05DC279D-0E85-42B7-9799-9CC7F81F86A2}"
EndProject
Project("{FAE04EC0-301F-11D3-BF4B-00C04F79EFBC}") = "Aderant.AccountsPayable.Workflow.Activities", "Src\Aderant.AccountsPayable.Workflow.Activities\Aderant.AccountsPayable.Workflow.Activities.csproj", "{E3E1BDAF-B69F-4CE6-8FD3-CC8C164BEA52}"
EndProject
Project("{FAE04EC0-301F-11D3-BF4B-00C04F79EFBC}") = "Aderant.AccountsPayable.Workflow.Activities.Design", "Src\Aderant.AccountsPayable.Workflow.Activities.Design\Aderant.AccountsPayable.Workflow.Activities.Design.csproj", "{F4561693-2F63-402D-8682-C65693963525}"
EndProject
Project("{FAE04EC0-301F-11D3-BF4B-00C04F79EFBC}") = "UnitTest.AccountsPayable.Workflow.Activities", "Test\UnitTest.AccountsPayable.Workflow.Activities\UnitTest.AccountsPayable.Workflow.Activities.csproj", "{C4FE0CEA-F69B-4B71-AF34-95111E6942C3}"
EndProject
Project("{FAE04EC0-301F-11D3-BF4B-00C04F79EFBC}") = "Aderant.AccountsPayable.Model", "Src\Aderant.AccountsPayable.Model\Aderant.AccountsPayable.Model.csproj", "{DE1D3153-4795-4F95-AFDE-2F8D1E1CBF59}"
EndProject
Project("{FAE04EC0-301F-11D3-BF4B-00C04F79EFBC}") = "Aderant.AccountsPayable.Library", "Src\Aderant.AccountsPayable.Library\Aderant.AccountsPayable.Library.csproj", "{6088150E-455C-4EAB-8594-320FEBA365D6}"
EndProject
Project("{FAE04EC0-301F-11D3-BF4B-00C04F79EFBC}") = "UnitTest.AccountsPayable.Library", "Test\UnitTest.AccountsPayable.Library\UnitTest.AccountsPayable.Library.csproj", "{AEE4DFA5-3D9C-42C0-8DEC-E01813295D4B}"
EndProject
Project("{2150E333-8FDC-42A3-9474-1A3956D46DE8}") = "Solution Items", "Solution Items", "{919800AE-E661-43BA-84D0-7DC5E2093F09}"
	ProjectSection(SolutionItems) = preProject
		.gitattributes = .gitattributes
		.gitignore = .gitignore
		accountspayable.client.paket.template = accountspayable.client.paket.template
		accountspayable.core.paket.template = accountspayable.core.paket.template
		accountspayable.paket.template = accountspayable.paket.template
		accountspayable.service.paket.template = accountspayable.service.paket.template
		AccountsPayable.sln.DotSettings = AccountsPayable.sln.DotSettings
		dir.proj = dir.proj
		expenses.core.paket.template = expenses.core.paket.template
		expenses.paket.template = expenses.paket.template
		ExpertAccountsPayable_license-dev.zip = ExpertAccountsPayable_license-dev.zip
		ExpertAccountsPayable_license-test.zip = ExpertAccountsPayable_license-test.zip
		GitVersion.yml = GitVersion.yml
		paket.dependencies = paket.dependencies
		paket.lock = paket.lock
	EndProjectSection
EndProject
Project("{FAE04EC0-301F-11D3-BF4B-00C04F79EFBC}") = "UnitTest.AccountsPayable.Service", "Test\UnitTest.AccountsPayable.Service\UnitTest.AccountsPayable.Service.csproj", "{247FF847-BAB8-4CDB-AD10-ABEA3634AD2E}"
EndProject
Project("{FAE04EC0-301F-11D3-BF4B-00C04F79EFBC}") = "Aderant.AccountsPayable", "Src\Aderant.AccountsPayable\Aderant.AccountsPayable.csproj", "{A66655E5-7EC3-4F74-862A-DD00CFB1CF40}"
EndProject
Project("{FAE04EC0-301F-11D3-BF4B-00C04F79EFBC}") = "UnitTest.AccountsPayable.Client", "Test\UnitTest.AccountsPayable.Client\UnitTest.AccountsPayable.Client.csproj", "{31FB0412-6305-4635-A0C7-89DAE1142855}"
EndProject
Project("{FAE04EC0-301F-11D3-BF4B-00C04F79EFBC}") = "Aderant.AccountsPayable.Service", "Src\Aderant.AccountsPayable.Service\Aderant.AccountsPayable.Service.csproj", "{6CAEF742-A487-43A9-B84A-569974BDAC55}"
EndProject
Project("{FAE04EC0-301F-11D3-BF4B-00C04F79EFBC}") = "Aderant.AccountsPayable.Rules", "Src\Aderant.AccountsPayable.Rules\Aderant.AccountsPayable.Rules.csproj", "{DA4BC840-8A3D-4089-B804-0E8F8D1797E9}"
EndProject
Project("{FAE04EC0-301F-11D3-BF4B-00C04F79EFBC}") = "UnitTest.AccountsPayable.Rules", "Test\UnitTest.AccountsPayable.Rules\UnitTest.AccountsPayable.Rules.csproj", "{01B368F5-F406-4BFD-B039-C680690C8942}"
EndProject
Project("{2150E333-8FDC-42A3-9474-1A3956D46DE8}") = "Client", "Client", "{424F7A39-2FBE-4DB5-9832-756E21CF1C19}"
EndProject
Project("{2150E333-8FDC-42A3-9474-1A3956D46DE8}") = "Core", "Core", "{7505007B-08C1-4F70-B0CE-7F0BA59CB5E4}"
EndProject
Project("{2150E333-8FDC-42A3-9474-1A3956D46DE8}") = "Service", "Service", "{65354B58-4605-4A51-95CC-D9A2A727A096}"
EndProject
Project("{2150E333-8FDC-42A3-9474-1A3956D46DE8}") = "Package", "Package", "{177A40E0-9DC7-4FE5-8B1F-EAC22955B542}"
	ProjectSection(SolutionItems) = preProject
		accountspayable.client.paket.template = accountspayable.client.paket.template
		accountspayable.core.paket.template = accountspayable.core.paket.template
		accountspayable.paket.template = accountspayable.paket.template
		accountspayable.service.paket.template = accountspayable.service.paket.template
	EndProjectSection
EndProject
Project("{FAE04EC0-301F-11D3-BF4B-00C04F79EFBC}") = "Aderant.Expenses.Administration", "Src\Aderant.Expenses.Administration\Aderant.Expenses.Administration.csproj", "{46D76E69-EFFF-4761-84F8-6B86EBE1D072}"
EndProject
Project("{FAE04EC0-301F-11D3-BF4B-00C04F79EFBC}") = "Aderant.Expenses.Library", "Src\Aderant.Expenses.Library\Aderant.Expenses.Library.csproj", "{4EC04559-A939-4429-AF80-9DA3ED4413B7}"
EndProject
Project("{FAE04EC0-301F-11D3-BF4B-00C04F79EFBC}") = "Expenses", "Src\Expenses\Expenses.csproj", "{5F0215BC-4C71-4EB8-A260-4376000693E1}"
EndProject
Project("{FAE04EC0-301F-11D3-BF4B-00C04F79EFBC}") = "UnitTest.Expenses", "Test\UnitTest.Expenses\UnitTest.Expenses.csproj", "{84BC1F20-1060-4757-85D9-4EA1E062CA3F}"
	ProjectSection(ProjectDependencies) = postProject
		{A66655E5-7EC3-4F74-862A-DD00CFB1CF40} = {A66655E5-7EC3-4F74-862A-DD00CFB1CF40}
	EndProjectSection
EndProject
Project("{FAE04EC0-301F-11D3-BF4B-00C04F79EFBC}") = "UnitTest.Expenses.Administration", "Test\UnitTest.Expenses.Administration\UnitTest.Expenses.Administration.csproj", "{0B5FC61F-FF7F-4100-9AB1-7C3EE077AEF8}"
EndProject
Project("{FAE04EC0-301F-11D3-BF4B-00C04F79EFBC}") = "UnitTest.Expenses.Library", "Test\UnitTest.Expenses.Library\UnitTest.Expenses.Library.csproj", "{A63CD0C2-F091-43FA-8FBD-B61CE5267724}"
EndProject
Project("{2150E333-8FDC-42A3-9474-1A3956D46DE8}") = "Rules", "Rules", "{430E855E-9733-40A2-ABC9-909D64C9F906}"
EndProject
Project("{FAE04EC0-301F-11D3-BF4B-00C04F79EFBC}") = "Aderant.Expenses.Rules", "Src\Aderant.Expenses.Rules\Aderant.Expenses.Rules.csproj", "{86F4F9D2-257B-4433-A457-63DDE6FB3683}"
EndProject
Project("{2150E333-8FDC-42A3-9474-1A3956D46DE8}") = "Admin", "Admin", "{869D6742-0504-40BD-B2AF-951BBB29C023}"
EndProject
Project("{2150E333-8FDC-42A3-9474-1A3956D46DE8}") = "Workflow", "Workflow", "{9D79403E-FE34-4A10-BB5E-31164C8D871A}"
EndProject
Project("{FAE04EC0-301F-11D3-BF4B-00C04F79EFBC}") = "Aderant.Workflow.Expenses.SaveToExpertImage", "Src\Aderant.Workflow.Expenses.SaveToExpertImage\Aderant.Workflow.Expenses.SaveToExpertImage.csproj", "{9ADBEF3B-2DB4-4042-9566-F030CC188390}"
EndProject
Project("{FAE04EC0-301F-11D3-BF4B-00C04F79EFBC}") = "Aderant.Workflow.Expenses.ExpenseApproval", "Src\Aderant.Workflow.Expenses.ExpenseApproval\Aderant.Workflow.Expenses.ExpenseApproval.csproj", "{7BF04396-F171-483D-979C-06E04C21378C}"
EndProject
Project("{FAE04EC0-301F-11D3-BF4B-00C04F79EFBC}") = "Aderant.Workflow.Expenses.AdvanceApproval", "Src\Aderant.Workflow.Expenses.AdvanceApproval\Aderant.Workflow.Expenses.AdvanceApproval.csproj", "{EA0DF7B3-D6BB-44B8-A747-748B288EC4D0}"
EndProject
Project("{FAE04EC0-301F-11D3-BF4B-00C04F79EFBC}") = "Expert.AccountsPayable.UIAutomation", "Test\Expert.AccountsPayable.UIAutomation\Expert.AccountsPayable.UIAutomation.csproj", "{3D7F0229-4C39-497C-9BC8-05C4E90DBD1D}"
EndProject
Project("{FAE04EC0-301F-11D3-BF4B-00C04F79EFBC}") = "Aderant.Workflow.AP.NewInvoice", "Src\Aderant.Workflow.AP.NewInvoice\Aderant.Workflow.AP.NewInvoice.csproj", "{4FC725D9-C37F-4DF9-ADA4-8D718AE9DDD5}"
EndProject
Project("{FAE04EC0-301F-11D3-BF4B-00C04F79EFBC}") = "Expert.Expenses.UIAutomation", "Test\Expert.Expenses.UIAutomation\Expert.Expenses.UIAutomation.csproj", "{872A103A-AF46-4988-AD77-F10783F6A627}"
EndProject
Project("{FAE04EC0-301F-11D3-BF4B-00C04F79EFBC}") = "TestDocumentationHelper", "Test\TestDocumentationHelper\TestDocumentationHelper.csproj", "{81806F36-8285-45D2-8D23-049D27B04597}"
EndProject
Global
	GlobalSection(SolutionConfigurationPlatforms) = preSolution
		Debug|Any CPU = Debug|Any CPU
		Release|Any CPU = Release|Any CPU
	EndGlobalSection
	GlobalSection(ProjectConfigurationPlatforms) = postSolution
		{3422C5D0-DF70-4CB8-9197-6895549338E4}.Debug|Any CPU.ActiveCfg = Debug|Any CPU
		{3422C5D0-DF70-4CB8-9197-6895549338E4}.Debug|Any CPU.Build.0 = Debug|Any CPU
		{3422C5D0-DF70-4CB8-9197-6895549338E4}.Release|Any CPU.ActiveCfg = Release|Any CPU
		{3422C5D0-DF70-4CB8-9197-6895549338E4}.Release|Any CPU.Build.0 = Release|Any CPU
		{A262C3C9-5870-437D-A7B3-9BD348E715D6}.Debug|Any CPU.ActiveCfg = Debug|Any CPU
		{A262C3C9-5870-437D-A7B3-9BD348E715D6}.Debug|Any CPU.Build.0 = Debug|Any CPU
		{A262C3C9-5870-437D-A7B3-9BD348E715D6}.Release|Any CPU.ActiveCfg = Release|Any CPU
		{A262C3C9-5870-437D-A7B3-9BD348E715D6}.Release|Any CPU.Build.0 = Release|Any CPU
		{D2A8E9AE-54BA-48E5-B86D-E1EB622EDAF5}.Debug|Any CPU.ActiveCfg = Debug|Any CPU
		{D2A8E9AE-54BA-48E5-B86D-E1EB622EDAF5}.Debug|Any CPU.Build.0 = Debug|Any CPU
		{D2A8E9AE-54BA-48E5-B86D-E1EB622EDAF5}.Release|Any CPU.ActiveCfg = Release|Any CPU
		{D2A8E9AE-54BA-48E5-B86D-E1EB622EDAF5}.Release|Any CPU.Build.0 = Release|Any CPU
		{BEA7280C-7032-4973-8723-20E4AE63503F}.Debug|Any CPU.ActiveCfg = Debug|Any CPU
		{BEA7280C-7032-4973-8723-20E4AE63503F}.Debug|Any CPU.Build.0 = Debug|Any CPU
		{BEA7280C-7032-4973-8723-20E4AE63503F}.Release|Any CPU.ActiveCfg = Release|Any CPU
		{BEA7280C-7032-4973-8723-20E4AE63503F}.Release|Any CPU.Build.0 = Release|Any CPU
		{45FA2CF9-204D-47EE-AEB0-E5EEBE412964}.Debug|Any CPU.ActiveCfg = Debug|Any CPU
		{45FA2CF9-204D-47EE-AEB0-E5EEBE412964}.Debug|Any CPU.Build.0 = Debug|Any CPU
		{45FA2CF9-204D-47EE-AEB0-E5EEBE412964}.Release|Any CPU.ActiveCfg = Release|Any CPU
		{45FA2CF9-204D-47EE-AEB0-E5EEBE412964}.Release|Any CPU.Build.0 = Release|Any CPU
		{08745CA0-1777-441C-8D7D-6911A83F2C22}.Debug|Any CPU.ActiveCfg = Debug|Any CPU
		{08745CA0-1777-441C-8D7D-6911A83F2C22}.Debug|Any CPU.Build.0 = Debug|Any CPU
		{08745CA0-1777-441C-8D7D-6911A83F2C22}.Release|Any CPU.ActiveCfg = Release|Any CPU
		{08745CA0-1777-441C-8D7D-6911A83F2C22}.Release|Any CPU.Build.0 = Release|Any CPU
		{05DC279D-0E85-42B7-9799-9CC7F81F86A2}.Debug|Any CPU.ActiveCfg = Debug|Any CPU
		{05DC279D-0E85-42B7-9799-9CC7F81F86A2}.Debug|Any CPU.Build.0 = Debug|Any CPU
		{05DC279D-0E85-42B7-9799-9CC7F81F86A2}.Release|Any CPU.ActiveCfg = Release|Any CPU
		{05DC279D-0E85-42B7-9799-9CC7F81F86A2}.Release|Any CPU.Build.0 = Release|Any CPU
		{E3E1BDAF-B69F-4CE6-8FD3-CC8C164BEA52}.Debug|Any CPU.ActiveCfg = Debug|Any CPU
		{E3E1BDAF-B69F-4CE6-8FD3-CC8C164BEA52}.Debug|Any CPU.Build.0 = Debug|Any CPU
		{E3E1BDAF-B69F-4CE6-8FD3-CC8C164BEA52}.Release|Any CPU.ActiveCfg = Release|Any CPU
		{E3E1BDAF-B69F-4CE6-8FD3-CC8C164BEA52}.Release|Any CPU.Build.0 = Release|Any CPU
		{F4561693-2F63-402D-8682-C65693963525}.Debug|Any CPU.ActiveCfg = Debug|Any CPU
		{F4561693-2F63-402D-8682-C65693963525}.Debug|Any CPU.Build.0 = Debug|Any CPU
		{F4561693-2F63-402D-8682-C65693963525}.Release|Any CPU.ActiveCfg = Release|Any CPU
		{F4561693-2F63-402D-8682-C65693963525}.Release|Any CPU.Build.0 = Release|Any CPU
		{C4FE0CEA-F69B-4B71-AF34-95111E6942C3}.Debug|Any CPU.ActiveCfg = Debug|Any CPU
		{C4FE0CEA-F69B-4B71-AF34-95111E6942C3}.Debug|Any CPU.Build.0 = Debug|Any CPU
		{C4FE0CEA-F69B-4B71-AF34-95111E6942C3}.Release|Any CPU.ActiveCfg = Release|Any CPU
		{C4FE0CEA-F69B-4B71-AF34-95111E6942C3}.Release|Any CPU.Build.0 = Release|Any CPU
		{DE1D3153-4795-4F95-AFDE-2F8D1E1CBF59}.Debug|Any CPU.ActiveCfg = Debug|Any CPU
		{DE1D3153-4795-4F95-AFDE-2F8D1E1CBF59}.Debug|Any CPU.Build.0 = Debug|Any CPU
		{DE1D3153-4795-4F95-AFDE-2F8D1E1CBF59}.Release|Any CPU.ActiveCfg = Release|Any CPU
		{DE1D3153-4795-4F95-AFDE-2F8D1E1CBF59}.Release|Any CPU.Build.0 = Release|Any CPU
		{6088150E-455C-4EAB-8594-320FEBA365D6}.Debug|Any CPU.ActiveCfg = Debug|Any CPU
		{6088150E-455C-4EAB-8594-320FEBA365D6}.Debug|Any CPU.Build.0 = Debug|Any CPU
		{6088150E-455C-4EAB-8594-320FEBA365D6}.Release|Any CPU.ActiveCfg = Release|Any CPU
		{6088150E-455C-4EAB-8594-320FEBA365D6}.Release|Any CPU.Build.0 = Release|Any CPU
		{AEE4DFA5-3D9C-42C0-8DEC-E01813295D4B}.Debug|Any CPU.ActiveCfg = Debug|Any CPU
		{AEE4DFA5-3D9C-42C0-8DEC-E01813295D4B}.Debug|Any CPU.Build.0 = Debug|Any CPU
		{AEE4DFA5-3D9C-42C0-8DEC-E01813295D4B}.Release|Any CPU.ActiveCfg = Release|Any CPU
		{AEE4DFA5-3D9C-42C0-8DEC-E01813295D4B}.Release|Any CPU.Build.0 = Release|Any CPU
		{247FF847-BAB8-4CDB-AD10-ABEA3634AD2E}.Debug|Any CPU.ActiveCfg = Debug|Any CPU
		{247FF847-BAB8-4CDB-AD10-ABEA3634AD2E}.Debug|Any CPU.Build.0 = Debug|Any CPU
		{247FF847-BAB8-4CDB-AD10-ABEA3634AD2E}.Release|Any CPU.ActiveCfg = Release|Any CPU
		{247FF847-BAB8-4CDB-AD10-ABEA3634AD2E}.Release|Any CPU.Build.0 = Release|Any CPU
		{A66655E5-7EC3-4F74-862A-DD00CFB1CF40}.Debug|Any CPU.ActiveCfg = Debug|Any CPU
		{A66655E5-7EC3-4F74-862A-DD00CFB1CF40}.Debug|Any CPU.Build.0 = Debug|Any CPU
		{A66655E5-7EC3-4F74-862A-DD00CFB1CF40}.Release|Any CPU.ActiveCfg = Release|Any CPU
		{A66655E5-7EC3-4F74-862A-DD00CFB1CF40}.Release|Any CPU.Build.0 = Release|Any CPU
		{31FB0412-6305-4635-A0C7-89DAE1142855}.Debug|Any CPU.ActiveCfg = Debug|Any CPU
		{31FB0412-6305-4635-A0C7-89DAE1142855}.Debug|Any CPU.Build.0 = Debug|Any CPU
		{31FB0412-6305-4635-A0C7-89DAE1142855}.Release|Any CPU.ActiveCfg = Release|Any CPU
		{31FB0412-6305-4635-A0C7-89DAE1142855}.Release|Any CPU.Build.0 = Release|Any CPU
		{6CAEF742-A487-43A9-B84A-569974BDAC55}.Debug|Any CPU.ActiveCfg = Debug|Any CPU
		{6CAEF742-A487-43A9-B84A-569974BDAC55}.Debug|Any CPU.Build.0 = Debug|Any CPU
		{6CAEF742-A487-43A9-B84A-569974BDAC55}.Release|Any CPU.ActiveCfg = Release|Any CPU
		{6CAEF742-A487-43A9-B84A-569974BDAC55}.Release|Any CPU.Build.0 = Release|Any CPU
		{DA4BC840-8A3D-4089-B804-0E8F8D1797E9}.Debug|Any CPU.ActiveCfg = Debug|Any CPU
		{DA4BC840-8A3D-4089-B804-0E8F8D1797E9}.Debug|Any CPU.Build.0 = Debug|Any CPU
		{DA4BC840-8A3D-4089-B804-0E8F8D1797E9}.Release|Any CPU.ActiveCfg = Release|Any CPU
		{DA4BC840-8A3D-4089-B804-0E8F8D1797E9}.Release|Any CPU.Build.0 = Release|Any CPU
		{01B368F5-F406-4BFD-B039-C680690C8942}.Debug|Any CPU.ActiveCfg = Debug|Any CPU
		{01B368F5-F406-4BFD-B039-C680690C8942}.Debug|Any CPU.Build.0 = Debug|Any CPU
		{01B368F5-F406-4BFD-B039-C680690C8942}.Release|Any CPU.ActiveCfg = Release|Any CPU
		{01B368F5-F406-4BFD-B039-C680690C8942}.Release|Any CPU.Build.0 = Release|Any CPU
		{46D76E69-EFFF-4761-84F8-6B86EBE1D072}.Debug|Any CPU.ActiveCfg = Debug|Any CPU
		{46D76E69-EFFF-4761-84F8-6B86EBE1D072}.Debug|Any CPU.Build.0 = Debug|Any CPU
		{46D76E69-EFFF-4761-84F8-6B86EBE1D072}.Release|Any CPU.ActiveCfg = Release|Any CPU
		{46D76E69-EFFF-4761-84F8-6B86EBE1D072}.Release|Any CPU.Build.0 = Release|Any CPU
		{4EC04559-A939-4429-AF80-9DA3ED4413B7}.Debug|Any CPU.ActiveCfg = Debug|Any CPU
		{4EC04559-A939-4429-AF80-9DA3ED4413B7}.Debug|Any CPU.Build.0 = Debug|Any CPU
		{4EC04559-A939-4429-AF80-9DA3ED4413B7}.Release|Any CPU.ActiveCfg = Release|Any CPU
		{4EC04559-A939-4429-AF80-9DA3ED4413B7}.Release|Any CPU.Build.0 = Release|Any CPU
		{5F0215BC-4C71-4EB8-A260-4376000693E1}.Debug|Any CPU.ActiveCfg = Debug|Any CPU
		{5F0215BC-4C71-4EB8-A260-4376000693E1}.Debug|Any CPU.Build.0 = Debug|Any CPU
		{5F0215BC-4C71-4EB8-A260-4376000693E1}.Release|Any CPU.ActiveCfg = Release|Any CPU
		{5F0215BC-4C71-4EB8-A260-4376000693E1}.Release|Any CPU.Build.0 = Release|Any CPU
		{84BC1F20-1060-4757-85D9-4EA1E062CA3F}.Debug|Any CPU.ActiveCfg = Debug|Any CPU
		{84BC1F20-1060-4757-85D9-4EA1E062CA3F}.Debug|Any CPU.Build.0 = Debug|Any CPU
		{84BC1F20-1060-4757-85D9-4EA1E062CA3F}.Release|Any CPU.ActiveCfg = Release|Any CPU
		{84BC1F20-1060-4757-85D9-4EA1E062CA3F}.Release|Any CPU.Build.0 = Release|Any CPU
		{0B5FC61F-FF7F-4100-9AB1-7C3EE077AEF8}.Debug|Any CPU.ActiveCfg = Debug|Any CPU
		{0B5FC61F-FF7F-4100-9AB1-7C3EE077AEF8}.Debug|Any CPU.Build.0 = Debug|Any CPU
		{0B5FC61F-FF7F-4100-9AB1-7C3EE077AEF8}.Release|Any CPU.ActiveCfg = Release|Any CPU
		{0B5FC61F-FF7F-4100-9AB1-7C3EE077AEF8}.Release|Any CPU.Build.0 = Release|Any CPU
		{A63CD0C2-F091-43FA-8FBD-B61CE5267724}.Debug|Any CPU.ActiveCfg = Debug|Any CPU
		{A63CD0C2-F091-43FA-8FBD-B61CE5267724}.Debug|Any CPU.Build.0 = Debug|Any CPU
		{A63CD0C2-F091-43FA-8FBD-B61CE5267724}.Release|Any CPU.ActiveCfg = Release|Any CPU
		{A63CD0C2-F091-43FA-8FBD-B61CE5267724}.Release|Any CPU.Build.0 = Release|Any CPU
		{86F4F9D2-257B-4433-A457-63DDE6FB3683}.Debug|Any CPU.ActiveCfg = Debug|Any CPU
		{86F4F9D2-257B-4433-A457-63DDE6FB3683}.Debug|Any CPU.Build.0 = Debug|Any CPU
		{86F4F9D2-257B-4433-A457-63DDE6FB3683}.Release|Any CPU.ActiveCfg = Release|Any CPU
		{86F4F9D2-257B-4433-A457-63DDE6FB3683}.Release|Any CPU.Build.0 = Release|Any CPU
		{9ADBEF3B-2DB4-4042-9566-F030CC188390}.Debug|Any CPU.ActiveCfg = Debug|Any CPU
		{9ADBEF3B-2DB4-4042-9566-F030CC188390}.Debug|Any CPU.Build.0 = Debug|Any CPU
		{9ADBEF3B-2DB4-4042-9566-F030CC188390}.Release|Any CPU.ActiveCfg = Release|Any CPU
		{9ADBEF3B-2DB4-4042-9566-F030CC188390}.Release|Any CPU.Build.0 = Release|Any CPU
		{7BF04396-F171-483D-979C-06E04C21378C}.Debug|Any CPU.ActiveCfg = Debug|Any CPU
		{7BF04396-F171-483D-979C-06E04C21378C}.Debug|Any CPU.Build.0 = Debug|Any CPU
		{7BF04396-F171-483D-979C-06E04C21378C}.Release|Any CPU.ActiveCfg = Release|Any CPU
		{7BF04396-F171-483D-979C-06E04C21378C}.Release|Any CPU.Build.0 = Release|Any CPU
		{EA0DF7B3-D6BB-44B8-A747-748B288EC4D0}.Debug|Any CPU.ActiveCfg = Debug|Any CPU
		{EA0DF7B3-D6BB-44B8-A747-748B288EC4D0}.Debug|Any CPU.Build.0 = Debug|Any CPU
		{EA0DF7B3-D6BB-44B8-A747-748B288EC4D0}.Release|Any CPU.ActiveCfg = Release|Any CPU
		{EA0DF7B3-D6BB-44B8-A747-748B288EC4D0}.Release|Any CPU.Build.0 = Release|Any CPU
		{3D7F0229-4C39-497C-9BC8-05C4E90DBD1D}.Debug|Any CPU.ActiveCfg = Debug|Any CPU
		{3D7F0229-4C39-497C-9BC8-05C4E90DBD1D}.Debug|Any CPU.Build.0 = Debug|Any CPU
		{3D7F0229-4C39-497C-9BC8-05C4E90DBD1D}.Release|Any CPU.ActiveCfg = Release|Any CPU
		{3D7F0229-4C39-497C-9BC8-05C4E90DBD1D}.Release|Any CPU.Build.0 = Release|Any CPU
		{4FC725D9-C37F-4DF9-ADA4-8D718AE9DDD5}.Debug|Any CPU.ActiveCfg = Debug|Any CPU
		{4FC725D9-C37F-4DF9-ADA4-8D718AE9DDD5}.Debug|Any CPU.Build.0 = Debug|Any CPU
		{4FC725D9-C37F-4DF9-ADA4-8D718AE9DDD5}.Release|Any CPU.ActiveCfg = Release|Any CPU
		{4FC725D9-C37F-4DF9-ADA4-8D718AE9DDD5}.Release|Any CPU.Build.0 = Release|Any CPU
		{872A103A-AF46-4988-AD77-F10783F6A627}.Debug|Any CPU.ActiveCfg = Debug|Any CPU
		{872A103A-AF46-4988-AD77-F10783F6A627}.Debug|Any CPU.Build.0 = Debug|Any CPU
		{872A103A-AF46-4988-AD77-F10783F6A627}.Release|Any CPU.ActiveCfg = Release|Any CPU
		{872A103A-AF46-4988-AD77-F10783F6A627}.Release|Any CPU.Build.0 = Release|Any CPU
		{81806F36-8285-45D2-8D23-049D27B04597}.Debug|Any CPU.ActiveCfg = Debug|Any CPU
		{81806F36-8285-45D2-8D23-049D27B04597}.Debug|Any CPU.Build.0 = Debug|Any CPU
		{81806F36-8285-45D2-8D23-049D27B04597}.Release|Any CPU.ActiveCfg = Release|Any CPU
		{81806F36-8285-45D2-8D23-049D27B04597}.Release|Any CPU.Build.0 = Release|Any CPU
	EndGlobalSection
	GlobalSection(SolutionProperties) = preSolution
		HideSolutionNode = FALSE
	EndGlobalSection
	GlobalSection(NestedProjects) = preSolution
		{3422C5D0-DF70-4CB8-9197-6895549338E4} = {424F7A39-2FBE-4DB5-9832-756E21CF1C19}
		{D2A8E9AE-54BA-48E5-B86D-E1EB622EDAF5} = {68ECEEC2-E7D7-4578-9EDF-4CDB3D91A903}
		{BEA7280C-7032-4973-8723-20E4AE63503F} = {68ECEEC2-E7D7-4578-9EDF-4CDB3D91A903}
		{45FA2CF9-204D-47EE-AEB0-E5EEBE412964} = {869D6742-0504-40BD-B2AF-951BBB29C023}
		{08745CA0-1777-441C-8D7D-6911A83F2C22} = {68ECEEC2-E7D7-4578-9EDF-4CDB3D91A903}
		{05DC279D-0E85-42B7-9799-9CC7F81F86A2} = {68ECEEC2-E7D7-4578-9EDF-4CDB3D91A903}
		{E3E1BDAF-B69F-4CE6-8FD3-CC8C164BEA52} = {9D79403E-FE34-4A10-BB5E-31164C8D871A}
		{F4561693-2F63-402D-8682-C65693963525} = {9D79403E-FE34-4A10-BB5E-31164C8D871A}
		{C4FE0CEA-F69B-4B71-AF34-95111E6942C3} = {68ECEEC2-E7D7-4578-9EDF-4CDB3D91A903}
		{DE1D3153-4795-4F95-AFDE-2F8D1E1CBF59} = {7505007B-08C1-4F70-B0CE-7F0BA59CB5E4}
		{6088150E-455C-4EAB-8594-320FEBA365D6} = {7505007B-08C1-4F70-B0CE-7F0BA59CB5E4}
		{AEE4DFA5-3D9C-42C0-8DEC-E01813295D4B} = {68ECEEC2-E7D7-4578-9EDF-4CDB3D91A903}
		{247FF847-BAB8-4CDB-AD10-ABEA3634AD2E} = {68ECEEC2-E7D7-4578-9EDF-4CDB3D91A903}
		{A66655E5-7EC3-4F74-862A-DD00CFB1CF40} = {424F7A39-2FBE-4DB5-9832-756E21CF1C19}
		{31FB0412-6305-4635-A0C7-89DAE1142855} = {68ECEEC2-E7D7-4578-9EDF-4CDB3D91A903}
		{6CAEF742-A487-43A9-B84A-569974BDAC55} = {65354B58-4605-4A51-95CC-D9A2A727A096}
		{DA4BC840-8A3D-4089-B804-0E8F8D1797E9} = {430E855E-9733-40A2-ABC9-909D64C9F906}
		{01B368F5-F406-4BFD-B039-C680690C8942} = {68ECEEC2-E7D7-4578-9EDF-4CDB3D91A903}
		{46D76E69-EFFF-4761-84F8-6B86EBE1D072} = {869D6742-0504-40BD-B2AF-951BBB29C023}
		{4EC04559-A939-4429-AF80-9DA3ED4413B7} = {424F7A39-2FBE-4DB5-9832-756E21CF1C19}
		{84BC1F20-1060-4757-85D9-4EA1E062CA3F} = {68ECEEC2-E7D7-4578-9EDF-4CDB3D91A903}
		{0B5FC61F-FF7F-4100-9AB1-7C3EE077AEF8} = {68ECEEC2-E7D7-4578-9EDF-4CDB3D91A903}
		{A63CD0C2-F091-43FA-8FBD-B61CE5267724} = {68ECEEC2-E7D7-4578-9EDF-4CDB3D91A903}
		{86F4F9D2-257B-4433-A457-63DDE6FB3683} = {430E855E-9733-40A2-ABC9-909D64C9F906}
		{9ADBEF3B-2DB4-4042-9566-F030CC188390} = {9D79403E-FE34-4A10-BB5E-31164C8D871A}
		{7BF04396-F171-483D-979C-06E04C21378C} = {9D79403E-FE34-4A10-BB5E-31164C8D871A}
		{EA0DF7B3-D6BB-44B8-A747-748B288EC4D0} = {9D79403E-FE34-4A10-BB5E-31164C8D871A}
		{3D7F0229-4C39-497C-9BC8-05C4E90DBD1D} = {68ECEEC2-E7D7-4578-9EDF-4CDB3D91A903}
		{4FC725D9-C37F-4DF9-ADA4-8D718AE9DDD5} = {9D79403E-FE34-4A10-BB5E-31164C8D871A}
		{872A103A-AF46-4988-AD77-F10783F6A627} = {68ECEEC2-E7D7-4578-9EDF-4CDB3D91A903}
		{81806F36-8285-45D2-8D23-049D27B04597} = {68ECEEC2-E7D7-4578-9EDF-4CDB3D91A903}
	EndGlobalSection
EndGlobal
