
Microsoft Visual Studio Solution File, Format Version 12.00
# Visual Studio 14
VisualStudioVersion = 14.0.25420.1
MinimumVisualStudioVersion = 10.0.40219.1
Project("{2150E333-8FDC-42A3-9474-1A3956D46DE8}") = "Test", "Test", "{31A06791-2770-4455-94CF-489136D6405A}"
EndProject
Project("{2150E333-8FDC-42A3-9474-1A3956D46DE8}") = "Profile", "Profile", "{D6EF2A47-2169-41BB-82BE-538DFB8D7CC1}"
EndProject
Project("{2150E333-8FDC-42A3-9474-1A3956D46DE8}") = "Build", "Build", "{A35EFF81-AC51-4885-A846-83C45FC98F1E}"
	ProjectSection(SolutionItems) = preProject
		Src\Build\Aderant.Build.Common.targets = Src\Build\Aderant.Build.Common.targets
		Src\Build\Aderant.BuildAll.targets = Src\Build\Aderant.BuildAll.targets
		Src\Build\Aderant.CodeAnalysis.targets = Src\Build\Aderant.CodeAnalysis.targets
		Src\Build\Aderant.CodeSigning.targets = Src\Build\Aderant.CodeSigning.targets
		Src\Build\Aderant.CSharp.targets = Src\Build\Aderant.CSharp.targets
		Src\Build\Aderant.CustomAfterMicrosoftCommon.targets = Src\Build\Aderant.CustomAfterMicrosoftCommon.targets
		Src\Build\Aderant.wpp.content.proj = Src\Build\Aderant.wpp.content.proj
		Src\Build\Aderant.wpp.targets = Src\Build\Aderant.wpp.targets
		AssociateWorkItemsToBuild.ps1 = AssociateWorkItemsToBuild.ps1
		Src\Build\Build-Libraries.ps1 = Src\Build\Build-Libraries.ps1
		Src\Build\Build.ps1 = Src\Build\Build.ps1
		Src\Build\BuildModule.ps1 = Src\Build\BuildModule.ps1
		Src\Build\BuildProcess.ps1 = Src\Build\BuildProcess.ps1
		Src\Build\Check-ForWrongReferences.ps1 = Src\Build\Check-ForWrongReferences.ps1
		Src\Build\CopyToDrop.ps1 = Src\Build\CopyToDrop.ps1
		Src\Build\InvokeServerBuild.ps1 = Src\Build\InvokeServerBuild.ps1
		Src\Build\Load-LocalDependencies.ps1 = Src\Build\Load-LocalDependencies.ps1
		Src\Build\Load-UITestDependencies.ps1 = Src\Build\Load-UITestDependencies.ps1
		Src\Build\LoadDependencies.ps1 = Src\Build\LoadDependencies.ps1
		Src\Build\Mobile.Targets = Src\Build\Mobile.Targets
		Src\Build\ModuleBuild.proj = Src\Build\ModuleBuild.proj
		Src\Build\ModuleBuild2.targets = Src\Build\ModuleBuild2.targets
		Src\Build\Package.ps1 = Src\Build\Package.ps1
		Src\Build\paket.exe = Src\Build\paket.exe
		Src\Build\RM.TransformTemplates.Targets = Src\Build\RM.TransformTemplates.Targets
	EndProjectSection
EndProject
Project("{2150E333-8FDC-42A3-9474-1A3956D46DE8}") = "Aderant", "Aderant", "{B4B175EF-44C3-4EE4-BCAE-3B796D6A986D}"
	ProjectSection(SolutionItems) = preProject
		Src\Profile\Aderant\Aderant.psd1 = Src\Profile\Aderant\Aderant.psd1
		Src\Profile\Aderant\Aderant.psm1 = Src\Profile\Aderant\Aderant.psm1
		Src\Profile\Aderant\AderantGit.psm1 = Src\Profile\Aderant\AderantGit.psm1
		Src\Profile\Aderant\AderantTfs.psm1 = Src\Profile\Aderant\AderantTfs.psm1
		Src\Profile\Aderant\AderantWeb.psm1 = Src\Profile\Aderant\AderantWeb.psm1
		Src\Profile\Aderant\BuildLibraryImport.ps1 = Src\Profile\Aderant\BuildLibraryImport.ps1
		Src\Profile\Aderant\Setup.ps1 = Src\Profile\Aderant\Setup.ps1
	EndProjectSection
EndProject
Project("{2150E333-8FDC-42A3-9474-1A3956D46DE8}") = "WindowsPowerShell", "WindowsPowerShell", "{3FD46DC7-F04A-4136-B0B9-EAE5722C22F0}"
	ProjectSection(SolutionItems) = preProject
		Src\Profile\WindowsPowerShell\Microsoft.PowerShell_profile.ps1 = Src\Profile\WindowsPowerShell\Microsoft.PowerShell_profile.ps1
	EndProjectSection
EndProject
Project("{FAE04EC0-301F-11D3-BF4B-00C04F79EFBC}") = "FxCopCmd", "Src\Sources\FxCopCmd\FxCopCmd.csproj", "{BEB9578D-9007-4646-AEA4-97A878EE9840}"
EndProject
Project("{FAE04EC0-301F-11D3-BF4B-00C04F79EFBC}") = "Aderant.Build", "Src\Sources\Aderant.Build\Aderant.Build.csproj", "{66E50D39-8E73-4D16-944B-43F18C308FE0}"
EndProject
Project("{FAE04EC0-301F-11D3-BF4B-00C04F79EFBC}") = "UnitTest.Build", "Test\UnitTest.Build\UnitTest.Build.csproj", "{DC82E590-6F89-42E2-9A22-54375D01A492}"
EndProject
Project("{2150E333-8FDC-42A3-9474-1A3956D46DE8}") = "Package", "Package", "{2FD66D46-70EB-4965-8C51-09738F486E31}"
	ProjectSection(SolutionItems) = preProject
		Src\Package\GetProduct.ps1 = Src\Package\GetProduct.ps1
		Src\Package\GetProductTests.ps1 = Src\Package\GetProductTests.ps1
		Src\Package\GetProductZip.ps1 = Src\Package\GetProductZip.ps1
	EndProjectSection
EndProject
Project("{FAE04EC0-301F-11D3-BF4B-00C04F79EFBC}") = "Aderant.Build.Tasks", "Src\Sources\Aderant.Build.Tasks\Aderant.Build.Tasks.csproj", "{256CB4BF-2AD9-497F-9174-9C4FDD9F6CE3}"
EndProject
Project("{2150E333-8FDC-42A3-9474-1A3956D46DE8}") = "Modules (from branch root)", "Modules (from branch root)", "{38DD1E10-E957-4313-98E6-10D034705484}"
	ProjectSection(SolutionItems) = preProject
		..\Modules.proj = ..\Modules.proj
		..\TFSBuild.proj = ..\TFSBuild.proj
		..\TFSBuild.rsp = ..\TFSBuild.rsp
	EndProjectSection
EndProject
Project("{F5034706-568F-408A-B7B3-4D38C6DB8A32}") = "Aderant.Build.Agent", "Src\Sources\Aderant.Build.Agent\Aderant.Build.Agent.pssproj", "{6CAFC0C6-A428-4D30-A9F9-700E829FEA51}"
EndProject
Project("{2150E333-8FDC-42A3-9474-1A3956D46DE8}") = "Solution Items", "Solution Items", "{0D21869D-9571-43E3-BC5D-6F3044F252B2}"
	ProjectSection(SolutionItems) = preProject
		paket.dependencies = paket.dependencies
	EndProjectSection
EndProject
Project("{FAE04EC0-301F-11D3-BF4B-00C04F79EFBC}") = "IntegrationTest.Build", "Test\IntegrationTest.Build\IntegrationTest.Build.csproj", "{473D8878-64C8-46BD-8AE3-A79CD3ECC353}"
EndProject
Global
	GlobalSection(SolutionConfigurationPlatforms) = preSolution
		Debug|Any CPU = Debug|Any CPU
		Release|Any CPU = Release|Any CPU
	EndGlobalSection
	GlobalSection(ProjectConfigurationPlatforms) = postSolution
		{BEB9578D-9007-4646-AEA4-97A878EE9840}.Debug|Any CPU.ActiveCfg = Debug|Any CPU
		{BEB9578D-9007-4646-AEA4-97A878EE9840}.Debug|Any CPU.Build.0 = Debug|Any CPU
		{BEB9578D-9007-4646-AEA4-97A878EE9840}.Release|Any CPU.ActiveCfg = Release|Any CPU
		{BEB9578D-9007-4646-AEA4-97A878EE9840}.Release|Any CPU.Build.0 = Release|Any CPU
		{66E50D39-8E73-4D16-944B-43F18C308FE0}.Debug|Any CPU.ActiveCfg = Debug|Any CPU
		{66E50D39-8E73-4D16-944B-43F18C308FE0}.Debug|Any CPU.Build.0 = Debug|Any CPU
		{66E50D39-8E73-4D16-944B-43F18C308FE0}.Release|Any CPU.ActiveCfg = Release|Any CPU
		{66E50D39-8E73-4D16-944B-43F18C308FE0}.Release|Any CPU.Build.0 = Release|Any CPU
		{DC82E590-6F89-42E2-9A22-54375D01A492}.Debug|Any CPU.ActiveCfg = Debug|Any CPU
		{DC82E590-6F89-42E2-9A22-54375D01A492}.Debug|Any CPU.Build.0 = Debug|Any CPU
		{DC82E590-6F89-42E2-9A22-54375D01A492}.Release|Any CPU.ActiveCfg = Release|Any CPU
		{DC82E590-6F89-42E2-9A22-54375D01A492}.Release|Any CPU.Build.0 = Release|Any CPU
		{256CB4BF-2AD9-497F-9174-9C4FDD9F6CE3}.Debug|Any CPU.ActiveCfg = Debug|Any CPU
		{256CB4BF-2AD9-497F-9174-9C4FDD9F6CE3}.Debug|Any CPU.Build.0 = Debug|Any CPU
		{256CB4BF-2AD9-497F-9174-9C4FDD9F6CE3}.Release|Any CPU.ActiveCfg = Release|Any CPU
		{256CB4BF-2AD9-497F-9174-9C4FDD9F6CE3}.Release|Any CPU.Build.0 = Release|Any CPU
		{6CAFC0C6-A428-4D30-A9F9-700E829FEA51}.Debug|Any CPU.ActiveCfg = Debug|Any CPU
		{6CAFC0C6-A428-4D30-A9F9-700E829FEA51}.Debug|Any CPU.Build.0 = Debug|Any CPU
		{6CAFC0C6-A428-4D30-A9F9-700E829FEA51}.Release|Any CPU.ActiveCfg = Release|Any CPU
		{6CAFC0C6-A428-4D30-A9F9-700E829FEA51}.Release|Any CPU.Build.0 = Release|Any CPU
		{473D8878-64C8-46BD-8AE3-A79CD3ECC353}.Debug|Any CPU.ActiveCfg = Debug|Any CPU
		{473D8878-64C8-46BD-8AE3-A79CD3ECC353}.Debug|Any CPU.Build.0 = Debug|Any CPU
		{473D8878-64C8-46BD-8AE3-A79CD3ECC353}.Release|Any CPU.ActiveCfg = Release|Any CPU
		{473D8878-64C8-46BD-8AE3-A79CD3ECC353}.Release|Any CPU.Build.0 = Release|Any CPU
	EndGlobalSection
	GlobalSection(SolutionProperties) = preSolution
		HideSolutionNode = FALSE
	EndGlobalSection
	GlobalSection(NestedProjects) = preSolution
		{B4B175EF-44C3-4EE4-BCAE-3B796D6A986D} = {D6EF2A47-2169-41BB-82BE-538DFB8D7CC1}
		{3FD46DC7-F04A-4136-B0B9-EAE5722C22F0} = {D6EF2A47-2169-41BB-82BE-538DFB8D7CC1}
		{DC82E590-6F89-42E2-9A22-54375D01A492} = {31A06791-2770-4455-94CF-489136D6405A}
		{473D8878-64C8-46BD-8AE3-A79CD3ECC353} = {31A06791-2770-4455-94CF-489136D6405A}
	EndGlobalSection
EndGlobal
