Microsoft Visual Studio Solution File, Format Version 12.00
# Visual Studio 14
VisualStudioVersion = 14.0.25420.1
MinimumVisualStudioVersion = 10.0.40219.1
Project("{2150E333-8FDC-42A3-9474-1A3956D46DE8}") = "Doc", "Doc", "{9A29B994-DF10-4C6E-82EA-B45F79915A3D}"
	ProjectSection(SolutionItems) = preProject
		Doc\readme.txt = Doc\readme.txt
	EndProjectSection
EndProject
Project("{2150E333-8FDC-42A3-9474-1A3956D46DE8}") = "Build", "Build", "{C1CE4CE6-EB6E-4F74-8CF1-3D361BC1C46E}"
	ProjectSection(SolutionItems) = preProject
		Build\CustomDictionary.xml = Build\CustomDictionary.xml
		Build\DependencyManifest.xml = Build\DependencyManifest.xml
	EndProjectSection
EndProject
Project("{2150E333-8FDC-42A3-9474-1A3956D46DE8}") = "Test", "Test", "{D7A41CF5-1E28-4A70-8DE0-71303369173A}"
EndProject
Project("{FAE04EC0-301F-11D3-BF4B-00C04F79EFBC}") = "ExpertAssistant", "Src\ExpertAssistant\ExpertAssistant.csproj", "{F9E81949-F6AA-493E-AF0F-80C49052D048}"
EndProject
Project("{FAE04EC0-301F-11D3-BF4B-00C04F79EFBC}") = "ExpertAssistantCO", "Src\ExpertAssistantCO\ExpertAssistantCO.csproj", "{EC614856-57AC-47A8-BC81-4579375E6382}"
EndProject
Project("{FAE04EC0-301F-11D3-BF4B-00C04F79EFBC}") = "ExpertAssistantDetached", "Src\ExpertAssistantDetached\ExpertAssistantDetached.csproj", "{4C46B122-A67A-4FF5-B1C9-6F16F02CD5E0}"
	ProjectSection(ProjectDependencies) = postProject
		{F9E81949-F6AA-493E-AF0F-80C49052D048} = {F9E81949-F6AA-493E-AF0F-80C49052D048}
	EndProjectSection
EndProject
Project("{FAE04EC0-301F-11D3-BF4B-00C04F79EFBC}") = "Aderant.Applications.ExpertAssistant.Plugins", "Src\Aderant.Applications.ExpertAssistant.Plugins\Aderant.Applications.ExpertAssistant.Plugins.csproj", "{97766983-7F89-420F-AF4B-727345529454}"
EndProject
Project("{FAE04EC0-301F-11D3-BF4B-00C04F79EFBC}") = "UnitTest.Plugins", "Test\UnitTest.Plugins\UnitTest.Plugins.csproj", "{E65D77B1-EBEA-4D30-900B-379CBBB69772}"
EndProject
Project("{2150E333-8FDC-42A3-9474-1A3956D46DE8}") = "Solution Items", "Solution Items", "{ED4313D7-2F57-45A3-96CA-8F78B49EF37E}"
	ProjectSection(SolutionItems) = preProject
		Applications.ExpertAssistant.testsettings = Applications.ExpertAssistant.testsettings
		Applications.ExpertAssistant.vsmdi = Applications.ExpertAssistant.vsmdi
	EndProjectSection
EndProject
Project("{FAE04EC0-301F-11D3-BF4B-00C04F79EFBC}") = "ExpertTask", "Src\ExpertTask\ExpertTask.csproj", "{0C380AED-133D-4C2A-A483-6BC287100CE0}"
EndProject
Project("{930C7802-8A8C-48F9-8165-68863BCCD9DD}") = "ExpertAssistantMsiPerUser", "Src\ExpertAssistantMsiPerUser\ExpertAssistantMsiPerUser.wixproj", "{211B8883-ADD7-4496-92B0-2BA996EBB1E6}"
EndProject
Project("{930C7802-8A8C-48F9-8165-68863BCCD9DD}") = "ExpertAssistantMsiPerMachine", "src\ExpertAssistantMsiPerMachine\ExpertAssistantMsiPerMachine.wixproj", "{BB3C2BDD-21EE-4BB6-8913-1647CA290A74}"
EndProject
Global
	GlobalSection(SolutionConfigurationPlatforms) = preSolution
		Debug|Any CPU = Debug|Any CPU
		Debug|Mixed Platforms = Debug|Mixed Platforms
		Debug|x86 = Debug|x86
		Release|Any CPU = Release|Any CPU
		Release|Mixed Platforms = Release|Mixed Platforms
		Release|x86 = Release|x86
	EndGlobalSection
	GlobalSection(ProjectConfigurationPlatforms) = postSolution
		{F9E81949-F6AA-493E-AF0F-80C49052D048}.Debug|Any CPU.ActiveCfg = Debug|Any CPU
		{F9E81949-F6AA-493E-AF0F-80C49052D048}.Debug|Any CPU.Build.0 = Debug|Any CPU
		{F9E81949-F6AA-493E-AF0F-80C49052D048}.Debug|Mixed Platforms.ActiveCfg = Debug|Any CPU
		{F9E81949-F6AA-493E-AF0F-80C49052D048}.Debug|Mixed Platforms.Build.0 = Debug|Any CPU
		{F9E81949-F6AA-493E-AF0F-80C49052D048}.Debug|x86.ActiveCfg = Debug|Any CPU
		{F9E81949-F6AA-493E-AF0F-80C49052D048}.Release|Any CPU.ActiveCfg = Release|Any CPU
		{F9E81949-F6AA-493E-AF0F-80C49052D048}.Release|Any CPU.Build.0 = Release|Any CPU
		{F9E81949-F6AA-493E-AF0F-80C49052D048}.Release|Mixed Platforms.ActiveCfg = Release|Any CPU
		{F9E81949-F6AA-493E-AF0F-80C49052D048}.Release|Mixed Platforms.Build.0 = Release|Any CPU
		{F9E81949-F6AA-493E-AF0F-80C49052D048}.Release|x86.ActiveCfg = Release|Any CPU
		{EC614856-57AC-47A8-BC81-4579375E6382}.Debug|Any CPU.ActiveCfg = Debug|Any CPU
		{EC614856-57AC-47A8-BC81-4579375E6382}.Debug|Any CPU.Build.0 = Debug|Any CPU
		{EC614856-57AC-47A8-BC81-4579375E6382}.Debug|Mixed Platforms.ActiveCfg = Debug|Any CPU
		{EC614856-57AC-47A8-BC81-4579375E6382}.Debug|Mixed Platforms.Build.0 = Debug|Any CPU
		{EC614856-57AC-47A8-BC81-4579375E6382}.Debug|x86.ActiveCfg = Debug|Any CPU
		{EC614856-57AC-47A8-BC81-4579375E6382}.Release|Any CPU.ActiveCfg = Release|Any CPU
		{EC614856-57AC-47A8-BC81-4579375E6382}.Release|Any CPU.Build.0 = Release|Any CPU
		{EC614856-57AC-47A8-BC81-4579375E6382}.Release|Mixed Platforms.ActiveCfg = Release|Any CPU
		{EC614856-57AC-47A8-BC81-4579375E6382}.Release|Mixed Platforms.Build.0 = Release|Any CPU
		{EC614856-57AC-47A8-BC81-4579375E6382}.Release|x86.ActiveCfg = Release|Any CPU
		{4C46B122-A67A-4FF5-B1C9-6F16F02CD5E0}.Debug|Any CPU.ActiveCfg = Debug|Any CPU
		{4C46B122-A67A-4FF5-B1C9-6F16F02CD5E0}.Debug|Any CPU.Build.0 = Debug|Any CPU
		{4C46B122-A67A-4FF5-B1C9-6F16F02CD5E0}.Debug|Mixed Platforms.ActiveCfg = Debug|Any CPU
		{4C46B122-A67A-4FF5-B1C9-6F16F02CD5E0}.Debug|Mixed Platforms.Build.0 = Debug|Any CPU
		{4C46B122-A67A-4FF5-B1C9-6F16F02CD5E0}.Debug|x86.ActiveCfg = Debug|Any CPU
		{4C46B122-A67A-4FF5-B1C9-6F16F02CD5E0}.Release|Any CPU.ActiveCfg = Release|Any CPU
		{4C46B122-A67A-4FF5-B1C9-6F16F02CD5E0}.Release|Any CPU.Build.0 = Release|Any CPU
		{4C46B122-A67A-4FF5-B1C9-6F16F02CD5E0}.Release|Mixed Platforms.ActiveCfg = Release|Any CPU
		{4C46B122-A67A-4FF5-B1C9-6F16F02CD5E0}.Release|Mixed Platforms.Build.0 = Release|Any CPU
		{4C46B122-A67A-4FF5-B1C9-6F16F02CD5E0}.Release|x86.ActiveCfg = Release|Any CPU
		{97766983-7F89-420F-AF4B-727345529454}.Debug|Any CPU.ActiveCfg = Debug|Any CPU
		{97766983-7F89-420F-AF4B-727345529454}.Debug|Any CPU.Build.0 = Debug|Any CPU
		{97766983-7F89-420F-AF4B-727345529454}.Debug|Mixed Platforms.ActiveCfg = Debug|Any CPU
		{97766983-7F89-420F-AF4B-727345529454}.Debug|Mixed Platforms.Build.0 = Debug|Any CPU
		{97766983-7F89-420F-AF4B-727345529454}.Debug|x86.ActiveCfg = Debug|Any CPU
		{97766983-7F89-420F-AF4B-727345529454}.Release|Any CPU.ActiveCfg = Release|Any CPU
		{97766983-7F89-420F-AF4B-727345529454}.Release|Any CPU.Build.0 = Release|Any CPU
		{97766983-7F89-420F-AF4B-727345529454}.Release|Mixed Platforms.ActiveCfg = Release|Any CPU
		{97766983-7F89-420F-AF4B-727345529454}.Release|Mixed Platforms.Build.0 = Release|Any CPU
		{97766983-7F89-420F-AF4B-727345529454}.Release|x86.ActiveCfg = Release|Any CPU
		{E65D77B1-EBEA-4D30-900B-379CBBB69772}.Debug|Any CPU.ActiveCfg = Debug|Any CPU
		{E65D77B1-EBEA-4D30-900B-379CBBB69772}.Debug|Any CPU.Build.0 = Debug|Any CPU
		{E65D77B1-EBEA-4D30-900B-379CBBB69772}.Debug|Mixed Platforms.ActiveCfg = Debug|Any CPU
		{E65D77B1-EBEA-4D30-900B-379CBBB69772}.Debug|Mixed Platforms.Build.0 = Debug|Any CPU
		{E65D77B1-EBEA-4D30-900B-379CBBB69772}.Debug|x86.ActiveCfg = Debug|Any CPU
		{E65D77B1-EBEA-4D30-900B-379CBBB69772}.Release|Any CPU.ActiveCfg = Release|Any CPU
		{E65D77B1-EBEA-4D30-900B-379CBBB69772}.Release|Any CPU.Build.0 = Release|Any CPU
		{E65D77B1-EBEA-4D30-900B-379CBBB69772}.Release|Mixed Platforms.ActiveCfg = Release|Any CPU
		{E65D77B1-EBEA-4D30-900B-379CBBB69772}.Release|Mixed Platforms.Build.0 = Release|Any CPU
		{E65D77B1-EBEA-4D30-900B-379CBBB69772}.Release|x86.ActiveCfg = Release|Any CPU
		{0C380AED-133D-4C2A-A483-6BC287100CE0}.Debug|Any CPU.ActiveCfg = Debug|Any CPU
		{0C380AED-133D-4C2A-A483-6BC287100CE0}.Debug|Any CPU.Build.0 = Debug|Any CPU
		{0C380AED-133D-4C2A-A483-6BC287100CE0}.Debug|Mixed Platforms.ActiveCfg = Debug|Any CPU
		{0C380AED-133D-4C2A-A483-6BC287100CE0}.Debug|Mixed Platforms.Build.0 = Debug|Any CPU
		{0C380AED-133D-4C2A-A483-6BC287100CE0}.Debug|x86.ActiveCfg = Debug|Any CPU
		{0C380AED-133D-4C2A-A483-6BC287100CE0}.Release|Any CPU.ActiveCfg = Release|Any CPU
		{0C380AED-133D-4C2A-A483-6BC287100CE0}.Release|Any CPU.Build.0 = Release|Any CPU
		{0C380AED-133D-4C2A-A483-6BC287100CE0}.Release|Mixed Platforms.ActiveCfg = Release|Any CPU
		{0C380AED-133D-4C2A-A483-6BC287100CE0}.Release|Mixed Platforms.Build.0 = Release|Any CPU
		{0C380AED-133D-4C2A-A483-6BC287100CE0}.Release|x86.ActiveCfg = Release|Any CPU
		{211B8883-ADD7-4496-92B0-2BA996EBB1E6}.Debug|Any CPU.ActiveCfg = Debug|x86
		{211B8883-ADD7-4496-92B0-2BA996EBB1E6}.Debug|Any CPU.Build.0 = Debug|x86
		{211B8883-ADD7-4496-92B0-2BA996EBB1E6}.Debug|Mixed Platforms.ActiveCfg = Debug|x86
		{211B8883-ADD7-4496-92B0-2BA996EBB1E6}.Debug|Mixed Platforms.Build.0 = Debug|x86
		{211B8883-ADD7-4496-92B0-2BA996EBB1E6}.Debug|x86.ActiveCfg = Debug|x86
		{211B8883-ADD7-4496-92B0-2BA996EBB1E6}.Debug|x86.Build.0 = Debug|x86
		{211B8883-ADD7-4496-92B0-2BA996EBB1E6}.Release|Any CPU.ActiveCfg = Release|x86
		{211B8883-ADD7-4496-92B0-2BA996EBB1E6}.Release|Any CPU.Build.0 = Release|x86
		{211B8883-ADD7-4496-92B0-2BA996EBB1E6}.Release|Mixed Platforms.ActiveCfg = Release|x86
		{211B8883-ADD7-4496-92B0-2BA996EBB1E6}.Release|Mixed Platforms.Build.0 = Release|x86
		{211B8883-ADD7-4496-92B0-2BA996EBB1E6}.Release|x86.ActiveCfg = Release|x86
		{211B8883-ADD7-4496-92B0-2BA996EBB1E6}.Release|x86.Build.0 = Release|x86
		{BB3C2BDD-21EE-4BB6-8913-1647CA290A74}.Debug|Any CPU.ActiveCfg = Debug|x86
		{BB3C2BDD-21EE-4BB6-8913-1647CA290A74}.Debug|Any CPU.Build.0 = Debug|x86
		{BB3C2BDD-21EE-4BB6-8913-1647CA290A74}.Debug|Mixed Platforms.ActiveCfg = Debug|x86
		{BB3C2BDD-21EE-4BB6-8913-1647CA290A74}.Debug|Mixed Platforms.Build.0 = Debug|x86
		{BB3C2BDD-21EE-4BB6-8913-1647CA290A74}.Debug|x86.ActiveCfg = Debug|x86
		{BB3C2BDD-21EE-4BB6-8913-1647CA290A74}.Debug|x86.Build.0 = Debug|x86
		{BB3C2BDD-21EE-4BB6-8913-1647CA290A74}.Release|Any CPU.ActiveCfg = Release|x86
		{BB3C2BDD-21EE-4BB6-8913-1647CA290A74}.Release|Any CPU.Build.0 = Release|x86
		{BB3C2BDD-21EE-4BB6-8913-1647CA290A74}.Release|Mixed Platforms.ActiveCfg = Release|x86
		{BB3C2BDD-21EE-4BB6-8913-1647CA290A74}.Release|Mixed Platforms.Build.0 = Release|x86
		{BB3C2BDD-21EE-4BB6-8913-1647CA290A74}.Release|x86.ActiveCfg = Release|x86
		{BB3C2BDD-21EE-4BB6-8913-1647CA290A74}.Release|x86.Build.0 = Release|x86
	EndGlobalSection
	GlobalSection(SolutionProperties) = preSolution
		HideSolutionNode = FALSE
	EndGlobalSection
	GlobalSection(NestedProjects) = preSolution
		{E65D77B1-EBEA-4D30-900B-379CBBB69772} = {D7A41CF5-1E28-4A70-8DE0-71303369173A}
	EndGlobalSection
	GlobalSection(TeamFoundationVersionControl) = preSolution
		SccNumberOfProjects = 9
		SccEnterpriseProvider = {4CA58AB2-18FA-4F8D-95D4-32DDF27D184C}
		SccTeamFoundationServer = http://tfs:8080/tfs/aderant
		SccLocalPath0 = .
		SccProjectUniqueName1 = Src\\ExpertAssistant\\ExpertAssistant.csproj
		SccProjectName1 = Src/ExpertAssistant
		SccLocalPath1 = Src\\ExpertAssistant
		SccProjectUniqueName2 = Src\\ExpertAssistantCO\\ExpertAssistantCO.csproj
		SccProjectName2 = Src/ExpertAssistantCO
		SccLocalPath2 = Src\\ExpertAssistantCO
		SccProjectUniqueName3 = Src\\ExpertAssistantDetached\\ExpertAssistantDetached.csproj
		SccProjectName3 = Src/ExpertAssistantDetached
		SccLocalPath3 = Src\\ExpertAssistantDetached
		SccProjectUniqueName4 = Src\\Aderant.Applications.ExpertAssistant.Plugins\\Aderant.Applications.ExpertAssistant.Plugins.csproj
		SccProjectName4 = Src/Aderant.Applications.ExpertAssistant.Plugins
		SccLocalPath4 = Src\\Aderant.Applications.ExpertAssistant.Plugins
		SccProjectUniqueName5 = Test\\UnitTest.Plugins\\UnitTest.Plugins.csproj
		SccProjectTopLevelParentUniqueName5 = Applications.ExpertAssistant.sln
		SccProjectName5 = Test/UnitTest.Plugins
		SccLocalPath5 = Test\\UnitTest.Plugins
		SccProjectUniqueName6 = Src\\ExpertTask\\ExpertTask.csproj
		SccProjectName6 = Src/ExpertTask
		SccLocalPath6 = Src\\ExpertTask
		SccProjectUniqueName7 = Src\\ExpertAssistantMsiPerUser\\ExpertAssistantMsiPerUser.wixproj
		SccProjectName7 = Src/ExpertAssistantMsiPerUser
		SccLocalPath7 = Src\\ExpertAssistantMsiPerUser
		SccProjectUniqueName8 = src\\ExpertAssistantMsiPerMachine\\ExpertAssistantMsiPerMachine.wixproj
		SccProjectName8 = src/ExpertAssistantMsiPerMachine
		SccLocalPath8 = src\\ExpertAssistantMsiPerMachine
	EndGlobalSection
EndGlobal
