
Microsoft Visual Studio Solution File, Format Version 12.00
# Visual Studio 14
VisualStudioVersion = 14.0.25420.1
MinimumVisualStudioVersion = 10.0.40219.1
Project("{FAE04EC0-301F-11D3-BF4B-00C04F79EFBC}") = "Project1", "Src\Project1\Project1.csproj", "{B807F57F-C8DF-4129-9F0A-01B7F7AA2EF0}"
EndProject
Project("{FAE04EC0-301F-11D3-BF4B-00C04F79EFBC}") = "Project2", "Src\Project2\Project2.csproj", "{CFACAAE6-993C-4A84-BFCB-BB265C3670F1}"
EndProject
Project("{FAE04EC0-301F-11D3-BF4B-00C04F79EFBC}") = "Project3", "Src\Project3\Project3.csproj", "{709972C2-4A20-4355-BA9E-F4116AAA8769}"
EndProject
Global
	GlobalSection(SolutionConfigurationPlatforms) = preSolution
		Debug|Any CPU = Debug|Any CPU
		Release|Any CPU = Release|Any CPU
	EndGlobalSection
	GlobalSection(ProjectConfigurationPlatforms) = postSolution
		{B807F57F-C8DF-4129-9F0A-01B7F7AA2EF0}.Debug|Any CPU.ActiveCfg = Debug|Any CPU
		{B807F57F-C8DF-4129-9F0A-01B7F7AA2EF0}.Debug|Any CPU.Build.0 = Debug|Any CPU
		{B807F57F-C8DF-4129-9F0A-01B7F7AA2EF0}.Release|Any CPU.ActiveCfg = Release|Any CPU
		{B807F57F-C8DF-4129-9F0A-01B7F7AA2EF0}.Release|Any CPU.Build.0 = Release|Any CPU
		{CFACAAE6-993C-4A84-BFCB-BB265C3670F1}.Debug|Any CPU.ActiveCfg = Debug|Any CPU
		{CFACAAE6-993C-4A84-BFCB-BB265C3670F1}.Debug|Any CPU.Build.0 = Debug|Any CPU
		{CFACAAE6-993C-4A84-BFCB-BB265C3670F1}.Release|Any CPU.ActiveCfg = Release|Any CPU
		{CFACAAE6-993C-4A84-BFCB-BB265C3670F1}.Release|Any CPU.Build.0 = Release|Any CPU
		{709972C2-4A20-4355-BA9E-F4116AAA8769}.Debug|Any CPU.ActiveCfg = Debug|Any CPU
		{709972C2-4A20-4355-BA9E-F4116AAA8769}.Debug|Any CPU.Build.0 = Debug|Any CPU
		{709972C2-4A20-4355-BA9E-F4116AAA8769}.Release|Any CPU.ActiveCfg = Release|Any CPU
		{709972C2-4A20-4355-BA9E-F4116AAA8769}.Release|Any CPU.Build.0 = Release|Any CPU
	EndGlobalSection
	GlobalSection(SolutionProperties) = preSolution
		HideSolutionNode = FALSE
	EndGlobalSection
EndGlobal
